PODS:
  - Alamofire (5.4.3)
  - IQKeyboardManagerSwift (6.5.0)
  - lottie-ios (3.2.3)
  - MBProgressHUD (1.2.0)
  - SDWebImage (5.11.1):
    - SDWebImage/Core (= 5.11.1)
  - SDWebImage/Core (5.11.1)
  - SVProgressHUD (2.2.5)
  - SwiftyJSON (5.0.1)
  - TextFieldEffects (1.6.0)

DEPENDENCIES:
  - Alamofire (~> 5.4.1)
  - IQKeyboardManagerSwift (= 6.5.0)
  - lottie-ios
  - MBProgressHUD (~> 1.0)
  - SDWebImage
  - SVProgressHUD
  - SwiftyJSON
  - TextFieldEffects

SPEC REPOS:
  trunk:
    - Alamofire
    - IQKeyboardManagerSwift
    - lottie-ios
    - MBProgressHUD
    - SDWebImage
    - SVProgressHUD
    - SwiftyJSON
    - TextFieldEffects

SPEC CHECKSUMS:
  Alamofire: e447a2774a40c996748296fa2c55112fdbbc42f9
  IQKeyboardManagerSwift: 6cd19976c6e871907c4ed9127c2d3affdd4defc2
  lottie-ios: c058aeafa76daa4cf64d773554bccc8385d0150e
  MBProgressHUD: 3ee5efcc380f6a79a7cc9b363dd669c5e1ae7406
  SDWebImage: a7f831e1a65eb5e285e3fb046a23fcfbf08e696d
  SVProgressHUD: 1428aafac632c1f86f62aa4243ec12008d7a51d6
  SwiftyJSON: 2f33a42c6fbc52764d96f13368585094bfd8aa5e
  TextFieldEffects: 529b8aff706fb40f82c41c780c0777941a893796

PODFILE CHECKSUM: 697eaeeadf441cb7a0cd08a57c6bbdc69502986d

COCOAPODS: 1.10.1
