// !$*UTF8*$!
{
	archiveVersion = 1;
	classes = {
	};
	objectVersion = 51;
	objects = {

/* Begin PBXBuildFile section */
		0402E7492722B37D004D866A /* Utility.swift in Sources */ = {isa = PBXBuildFile; fileRef = 0402E7482722B37D004D866A /* Utility.swift */; };
		0402E75A2722CCE5004D866A /* Loader.swift in Sources */ = {isa = PBXBuildFile; fileRef = 0402E7592722CCE4004D866A /* Loader.swift */; };
		0402E75D2722D04F004D866A /* UIColor+Theme.swift in Sources */ = {isa = PBXBuildFile; fileRef = 0402E75C2722D04F004D866A /* UIColor+Theme.swift */; };
		0402E7602722D0B9004D866A /* Design.swift in Sources */ = {isa = PBXBuildFile; fileRef = 0402E75F2722D0B8004D866A /* Design.swift */; };
		0402E7632722D102004D866A /* RoundedCorner.swift in Sources */ = {isa = PBXBuildFile; fileRef = 0402E7622722D102004D866A /* RoundedCorner.swift */; };
		0402E7662722D1F4004D866A /* DesignableUITextField.swift in Sources */ = {isa = PBXBuildFile; fileRef = 0402E7652722D1F4004D866A /* DesignableUITextField.swift */; };
		0402E7692723E5FD004D866A /* DateTime.swift in Sources */ = {isa = PBXBuildFile; fileRef = 0402E7682723E5FD004D866A /* DateTime.swift */; };
		0408A506276C51EF003C8131 /* map.gif in Resources */ = {isa = PBXBuildFile; fileRef = 0408A505276C51EF003C8131 /* map.gif */; };
		0416733527255A8000DE0045 /* ProfileData.swift in Sources */ = {isa = PBXBuildFile; fileRef = 0416733427255A8000DE0045 /* ProfileData.swift */; };
		0416733A27255BA900DE0045 /* ProfileTableCell.swift in Sources */ = {isa = PBXBuildFile; fileRef = 0416733827255BA900DE0045 /* ProfileTableCell.swift */; };
		0416733B27255BA900DE0045 /* ProfileImageTableCell.xib in Resources */ = {isa = PBXBuildFile; fileRef = 0416733927255BA900DE0045 /* ProfileImageTableCell.xib */; };
		0416733E27255BE700DE0045 /* ProfileTableCell.xib in Resources */ = {isa = PBXBuildFile; fileRef = 0416733D27255BE700DE0045 /* ProfileTableCell.xib */; };
		0416734127255BF500DE0045 /* ProfileImageTableCell.swift in Sources */ = {isa = PBXBuildFile; fileRef = 0416734027255BF500DE0045 /* ProfileImageTableCell.swift */; };
		0416734527255C1A00DE0045 /* ProfileLogoutTableCell.swift in Sources */ = {isa = PBXBuildFile; fileRef = 0416734327255C1A00DE0045 /* ProfileLogoutTableCell.swift */; };
		0416734627255C1A00DE0045 /* ProfileLogoutTableCell.xib in Resources */ = {isa = PBXBuildFile; fileRef = 0416734427255C1A00DE0045 /* ProfileLogoutTableCell.xib */; };
		0416734C2725759C00DE0045 /* Constants.swift in Sources */ = {isa = PBXBuildFile; fileRef = 0416734B2725759C00DE0045 /* Constants.swift */; };
		041673792725AAF800DE0045 /* UITableView+Extension.swift in Sources */ = {isa = PBXBuildFile; fileRef = 041673782725AAF800DE0045 /* UITableView+Extension.swift */; };
		0416737C2725AB2900DE0045 /* NSObject+Extension.swift in Sources */ = {isa = PBXBuildFile; fileRef = 0416737B2725AB2900DE0045 /* NSObject+Extension.swift */; };
		0427A8C5275A20C20022570A /* OPDResponseModel.swift in Sources */ = {isa = PBXBuildFile; fileRef = 0427A8C4275A20C10022570A /* OPDResponseModel.swift */; };
		0427A8C8275B7DB30022570A /* PDFViewController.swift in Sources */ = {isa = PBXBuildFile; fileRef = 0427A8C7275B7DB30022570A /* PDFViewController.swift */; };
		0427C9A7275E8AF50042123A /* RescheduleVC.swift in Sources */ = {isa = PBXBuildFile; fileRef = 0427C9A6275E8AF50042123A /* RescheduleVC.swift */; };
		042B7FF0273AE7FA00E2DD6C /* ValidationClass.swift in Sources */ = {isa = PBXBuildFile; fileRef = 042B7FEF273AE7FA00E2DD6C /* ValidationClass.swift */; };
		0435277C27739E1300A18905 /* MMURegister.swift in Sources */ = {isa = PBXBuildFile; fileRef = 0435277B27739E1300A18905 /* MMURegister.swift */; };
		0435277E27739E3500A18905 /* OPDReportsVC.swift in Sources */ = {isa = PBXBuildFile; fileRef = 0435277D27739E3500A18905 /* OPDReportsVC.swift */; };
		0435278027739E5F00A18905 /* MonthCampReport.swift in Sources */ = {isa = PBXBuildFile; fileRef = 0435277F27739E5F00A18905 /* MonthCampReport.swift */; };
		0435278227739E8A00A18905 /* DailyMMURegister.swift in Sources */ = {isa = PBXBuildFile; fileRef = 0435278127739E8A00A18905 /* DailyMMURegister.swift */; };
		0435278427739EC200A18905 /* IndentRegisterVC.swift in Sources */ = {isa = PBXBuildFile; fileRef = 0435278327739EC200A18905 /* IndentRegisterVC.swift */; };
		0435278627739EF700A18905 /* MedicineIssueRegisterVC.swift in Sources */ = {isa = PBXBuildFile; fileRef = 0435278527739EF700A18905 /* MedicineIssueRegisterVC.swift */; };
		0435278827739F2C00A18905 /* StockStatusReportVC.swift in Sources */ = {isa = PBXBuildFile; fileRef = 0435278727739F2C00A18905 /* StockStatusReportVC.swift */; };
		0435278A27739F5300A18905 /* OpenBalRegisterVC.swift in Sources */ = {isa = PBXBuildFile; fileRef = 0435278927739F5300A18905 /* OpenBalRegisterVC.swift */; };
		0435278C27739F8100A18905 /* DrugExpReportVC.swift in Sources */ = {isa = PBXBuildFile; fileRef = 0435278B27739F8100A18905 /* DrugExpReportVC.swift */; };
		0435278E27739FC600A18905 /* MMSSYInfoRegisterVC.swift in Sources */ = {isa = PBXBuildFile; fileRef = 0435278D27739FC600A18905 /* MMSSYInfoRegisterVC.swift */; };
		043527902773A00700A18905 /* MMSSYLabourRegister.swift in Sources */ = {isa = PBXBuildFile; fileRef = 0435278F2773A00600A18905 /* MMSSYLabourRegister.swift */; };
		043527922773A03300A18905 /* DaiDidiRegisterVC.swift in Sources */ = {isa = PBXBuildFile; fileRef = 043527912773A03300A18905 /* DaiDidiRegisterVC.swift */; };
		043527942773A0A200A18905 /* IncidentRegisterVC.swift in Sources */ = {isa = PBXBuildFile; fileRef = 043527932773A0A200A18905 /* IncidentRegisterVC.swift */; };
		043527962773A0CF00A18905 /* AttendanceRegister.swift in Sources */ = {isa = PBXBuildFile; fileRef = 043527952773A0CF00A18905 /* AttendanceRegister.swift */; };
		043527982773A10600A18905 /* StockTakingRegisterVC.swift in Sources */ = {isa = PBXBuildFile; fileRef = 043527972773A10600A18905 /* StockTakingRegisterVC.swift */; };
		0435279A2773A13500A18905 /* PenaltyRegisterVC.swift in Sources */ = {isa = PBXBuildFile; fileRef = 043527992773A13500A18905 /* PenaltyRegisterVC.swift */; };
		0435279C2773A16600A18905 /* EquipmentCheckListVC.swift in Sources */ = {isa = PBXBuildFile; fileRef = 0435279B2773A16600A18905 /* EquipmentCheckListVC.swift */; };
		0435279F27749ADE00A18905 /* PendingSubModelVC.swift in Sources */ = {isa = PBXBuildFile; fileRef = 0435279E27749ADE00A18905 /* PendingSubModelVC.swift */; };
		044064E3274D631900C4E81F /* CustomPickerView.swift in Sources */ = {isa = PBXBuildFile; fileRef = 044064E2274D631900C4E81F /* CustomPickerView.swift */; };
		044064E5274E234200C4E81F /* LocationManager.swift in Sources */ = {isa = PBXBuildFile; fileRef = 044064E4274E234200C4E81F /* LocationManager.swift */; };
		045728632755243000439C34 /* AppointHistoryCell.swift in Sources */ = {isa = PBXBuildFile; fileRef = 045728612755243000439C34 /* AppointHistoryCell.swift */; };
		045728642755243000439C34 /* AppointHistoryCell.xib in Resources */ = {isa = PBXBuildFile; fileRef = 045728622755243000439C34 /* AppointHistoryCell.xib */; };
		0457286727553ED100439C34 /* AppointHistoryResponseModel.swift in Sources */ = {isa = PBXBuildFile; fileRef = 0457286627553ED100439C34 /* AppointHistoryResponseModel.swift */; };
		045C91A12766209400E10EB6 /* OfficialDashboardVC.swift in Sources */ = {isa = PBXBuildFile; fileRef = 045C91A02766209400E10EB6 /* OfficialDashboardVC.swift */; };
		045C91A4276620E200E10EB6 /* AnalyticReportVC.swift in Sources */ = {isa = PBXBuildFile; fileRef = 045C91A3276620E200E10EB6 /* AnalyticReportVC.swift */; };
		045C91A727664D9900E10EB6 /* PendingApprovalVC.swift in Sources */ = {isa = PBXBuildFile; fileRef = 045C91A627664D9900E10EB6 /* PendingApprovalVC.swift */; };
		045C91AA27664DF700E10EB6 /* PandemicZoneVC.swift in Sources */ = {isa = PBXBuildFile; fileRef = 045C91A927664DF700E10EB6 /* PandemicZoneVC.swift */; };
		045C91AC276654A300E10EB6 /* LogoutVC.swift in Sources */ = {isa = PBXBuildFile; fileRef = 045C91AB276654A300E10EB6 /* LogoutVC.swift */; };
		046D95F7273C32F10063FDCB /* OTPStackView.swift in Sources */ = {isa = PBXBuildFile; fileRef = 046D95F6273C32F10063FDCB /* OTPStackView.swift */; };
		046D95F9273C33650063FDCB /* OTPTextField.swift in Sources */ = {isa = PBXBuildFile; fileRef = 046D95F8273C33650063FDCB /* OTPTextField.swift */; };
		046D95FB273C39260063FDCB /* OTPView.swift in Sources */ = {isa = PBXBuildFile; fileRef = 046D95FA273C39260063FDCB /* OTPView.swift */; };
		046D95FE273C39450063FDCB /* OTPView.xib in Resources */ = {isa = PBXBuildFile; fileRef = 046D95FD273C39450063FDCB /* OTPView.xib */; };
		046FABE22767146C00565FA6 /* PendingApprovalCell.swift in Sources */ = {isa = PBXBuildFile; fileRef = 046FABE02767146C00565FA6 /* PendingApprovalCell.swift */; };
		046FABE32767146C00565FA6 /* PendingApprovalCell.xib in Resources */ = {isa = PBXBuildFile; fileRef = 046FABE12767146C00565FA6 /* PendingApprovalCell.xib */; };
		046FABE72767153900565FA6 /* AnalticReportCell.swift in Sources */ = {isa = PBXBuildFile; fileRef = 046FABE52767153900565FA6 /* AnalticReportCell.swift */; };
		046FABE82767153900565FA6 /* AnalticReportCell.xib in Resources */ = {isa = PBXBuildFile; fileRef = 046FABE62767153900565FA6 /* AnalticReportCell.xib */; };
		046FABEE2767C5AC00565FA6 /* LoginOfficialResponse.swift in Sources */ = {isa = PBXBuildFile; fileRef = 046FABED2767C5AC00565FA6 /* LoginOfficialResponse.swift */; };
		047830F627579112005C594B /* RadioButtonController.swift in Sources */ = {isa = PBXBuildFile; fileRef = 047830F527579111005C594B /* RadioButtonController.swift */; };
		047830FA2757EECA005C594B /* LAbResultViewController.swift in Sources */ = {isa = PBXBuildFile; fileRef = 047830F92757EECA005C594B /* LAbResultViewController.swift */; };
		047830FC2757EEF4005C594B /* OPDHistoryVC.swift in Sources */ = {isa = PBXBuildFile; fileRef = 047830FB2757EEF4005C594B /* OPDHistoryVC.swift */; };
		047831012757EFA2005C594B /* OPDTableCell.swift in Sources */ = {isa = PBXBuildFile; fileRef = 047830FF2757EFA2005C594B /* OPDTableCell.swift */; };
		047831022757EFA2005C594B /* OPDTableCell.xib in Resources */ = {isa = PBXBuildFile; fileRef = 047831002757EFA2005C594B /* OPDTableCell.xib */; };
		047831052757F010005C594B /* LABResultTableCell.swift in Sources */ = {isa = PBXBuildFile; fileRef = 047831032757F010005C594B /* LABResultTableCell.swift */; };
		047831062757F010005C594B /* LABResultTableCell.xib in Resources */ = {isa = PBXBuildFile; fileRef = 047831042757F010005C594B /* LABResultTableCell.xib */; };
		047831092758AAE6005C594B /* LABResponseModel.swift in Sources */ = {isa = PBXBuildFile; fileRef = 047831082758AAE5005C594B /* LABResponseModel.swift */; };
		047A2793276F513A0092963B /* TabbarViewController.swift in Sources */ = {isa = PBXBuildFile; fileRef = 047A2792276F51390092963B /* TabbarViewController.swift */; };
		04837DA62725B10D0090BBE4 /* CollectionData.swift in Sources */ = {isa = PBXBuildFile; fileRef = 04837DA52725B10D0090BBE4 /* CollectionData.swift */; };
		04837DAA2725DF630090BBE4 /* RegistrationViewController.swift in Sources */ = {isa = PBXBuildFile; fileRef = 04837DA92725DF630090BBE4 /* RegistrationViewController.swift */; };
		04837DAE2725E4340090BBE4 /* VerifyOTPView.swift in Sources */ = {isa = PBXBuildFile; fileRef = 04837DAD2725E4340090BBE4 /* VerifyOTPView.swift */; };
		04837DB12725E4410090BBE4 /* VerifyOTPView.xib in Resources */ = {isa = PBXBuildFile; fileRef = 04837DB02725E4410090BBE4 /* VerifyOTPView.xib */; };
		0485858B275167D000055AC8 /* AppointmentResponseModel.swift in Sources */ = {isa = PBXBuildFile; fileRef = 0485858A275167D000055AC8 /* AppointmentResponseModel.swift */; };
		0485858F27536D4B00055AC8 /* TimeSlotViewCell.swift in Sources */ = {isa = PBXBuildFile; fileRef = 0485858D27536D4B00055AC8 /* TimeSlotViewCell.swift */; };
		0485859027536D4B00055AC8 /* TimeSlotViewCell.xib in Resources */ = {isa = PBXBuildFile; fileRef = 0485858E27536D4B00055AC8 /* TimeSlotViewCell.xib */; };
		048585932753FD5000055AC8 /* AppointmentHistoryVC.swift in Sources */ = {isa = PBXBuildFile; fileRef = 048585922753FD5000055AC8 /* AppointmentHistoryVC.swift */; };
		04984BA727457D49001EC315 /* FamilyListCell.swift in Sources */ = {isa = PBXBuildFile; fileRef = 04984BA527457D49001EC315 /* FamilyListCell.swift */; };
		04984BA827457D4A001EC315 /* FamilyListCell.xib in Resources */ = {isa = PBXBuildFile; fileRef = 04984BA627457D49001EC315 /* FamilyListCell.xib */; };
		04996CAF2727202F0006BDE2 /* UserInfoViewController.swift in Sources */ = {isa = PBXBuildFile; fileRef = 04996CAE2727202F0006BDE2 /* UserInfoViewController.swift */; };
		04996CB4272720FA0006BDE2 /* UserInfoCell.swift in Sources */ = {isa = PBXBuildFile; fileRef = 04996CB2272720FA0006BDE2 /* UserInfoCell.swift */; };
		04996CB5272720FA0006BDE2 /* UserInfoCell.xib in Resources */ = {isa = PBXBuildFile; fileRef = 04996CB3272720FA0006BDE2 /* UserInfoCell.xib */; };
		04B7C803276FC26200680B36 /* PatientProfileVC.swift in Sources */ = {isa = PBXBuildFile; fileRef = 04B7C802276FC26100680B36 /* PatientProfileVC.swift */; };
		04B832DF272494FE00379243 /* DashboardViewController.swift in Sources */ = {isa = PBXBuildFile; fileRef = 04B832DE272494FE00379243 /* DashboardViewController.swift */; };
		04B832E22724952E00379243 /* SettingViewController.swift in Sources */ = {isa = PBXBuildFile; fileRef = 04B832E12724952E00379243 /* SettingViewController.swift */; };
		04BA81E92739978200024685 /* PatientRequestModel.swift in Sources */ = {isa = PBXBuildFile; fileRef = 04BA81E82739978200024685 /* PatientRequestModel.swift */; };
		04C122F2275FA89C007B7EA5 /* RescheduleTableCell.swift in Sources */ = {isa = PBXBuildFile; fileRef = 04C122F0275FA89C007B7EA5 /* RescheduleTableCell.swift */; };
		04C122F3275FA89C007B7EA5 /* RescheduleTableCell.xib in Resources */ = {isa = PBXBuildFile; fileRef = 04C122F1275FA89C007B7EA5 /* RescheduleTableCell.xib */; };
		04C41342276D9F79003310E9 /* CampPlanResponse.swift in Sources */ = {isa = PBXBuildFile; fileRef = 04C41341276D9F79003310E9 /* CampPlanResponse.swift */; };
		04C41345276E0310003310E9 /* CoreLocationManager.swift in Sources */ = {isa = PBXBuildFile; fileRef = 04C41344276E0310003310E9 /* CoreLocationManager.swift */; };
		04D0D7B22769229500BCC278 /* CamPlanCell.swift in Sources */ = {isa = PBXBuildFile; fileRef = 04D0D7B02769229500BCC278 /* CamPlanCell.swift */; };
		04D0D7B32769229500BCC278 /* CamPlanCell.xib in Resources */ = {isa = PBXBuildFile; fileRef = 04D0D7B12769229500BCC278 /* CamPlanCell.xib */; };
		04D240842771A6BF00BB7A72 /* WebAPi.swift in Sources */ = {isa = PBXBuildFile; fileRef = 04D240832771A6BF00BB7A72 /* WebAPi.swift */; };
		04D38B7A274A3F42006A6C78 /* CampPlanVC.swift in Sources */ = {isa = PBXBuildFile; fileRef = 04D38B79274A3F42006A6C78 /* CampPlanVC.swift */; };
		04D38B7D274B5EC0006A6C78 /* BookAppointmentVC.swift in Sources */ = {isa = PBXBuildFile; fileRef = 04D38B7C274B5EC0006A6C78 /* BookAppointmentVC.swift */; };
		04E24E1F2729C8500013FDD3 /* PatientListJSONModel.swift in Sources */ = {isa = PBXBuildFile; fileRef = 04E24E1E2729C8500013FDD3 /* PatientListJSONModel.swift */; };
		04E3C2C82724735E008A074B /* Extensions.swift in Sources */ = {isa = PBXBuildFile; fileRef = 04E3C2C72724735E008A074B /* Extensions.swift */; };
		04E3C2D327247455008A074B /* SmoothTabBarView.xib in Resources */ = {isa = PBXBuildFile; fileRef = 04E3C2CC27247455008A074B /* SmoothTabBarView.xib */; };
		04E3C2D427247455008A074B /* SmoothTabBarView.swift in Sources */ = {isa = PBXBuildFile; fileRef = 04E3C2CD27247455008A074B /* SmoothTabBarView.swift */; };
		04E3C2D527247455008A074B /* SmoothTabItemView.swift in Sources */ = {isa = PBXBuildFile; fileRef = 04E3C2CF27247455008A074B /* SmoothTabItemView.swift */; };
		04E3C2D627247455008A074B /* SmoothTabItemView.xib in Resources */ = {isa = PBXBuildFile; fileRef = 04E3C2D027247455008A074B /* SmoothTabItemView.xib */; };
		04E3C2D727247455008A074B /* AppTabBarViewController.swift in Sources */ = {isa = PBXBuildFile; fileRef = 04E3C2D227247455008A074B /* AppTabBarViewController.swift */; };
		04E47D5A272806CD00A4C0DB /* NetworkManager.swift in Sources */ = {isa = PBXBuildFile; fileRef = 04E47D59272806CD00A4C0DB /* NetworkManager.swift */; };
		04E47D692728115300A4C0DB /* LoginJSONModel.swift in Sources */ = {isa = PBXBuildFile; fileRef = 04E47D682728115300A4C0DB /* LoginJSONModel.swift */; };
		0C02855E277647E40017B2F1 /* AllReportModelVC.swift in Sources */ = {isa = PBXBuildFile; fileRef = 0C02855D277647E40017B2F1 /* AllReportModelVC.swift */; };
		0C68CB0327A9BBAE00C536CA /* PrivacyPolicyVC.swift in Sources */ = {isa = PBXBuildFile; fileRef = 0C68CB0227A9BBAE00C536CA /* PrivacyPolicyVC.swift */; };
		0C8A690E2795CAE90079303A /* UserMenualVC.swift in Sources */ = {isa = PBXBuildFile; fileRef = 0C8A690D2795CAE80079303A /* UserMenualVC.swift */; };
		0C8A69102795D2920079303A /* UserManual_OfficialMobileApp.pdf in Resources */ = {isa = PBXBuildFile; fileRef = 0C8A690F2795D2920079303A /* UserManual_OfficialMobileApp.pdf */; };
		0C8A69122795D29D0079303A /* UserManual_PatientMobileApp.pdf in Resources */ = {isa = PBXBuildFile; fileRef = 0C8A69112795D29D0079303A /* UserManual_PatientMobileApp.pdf */; };
		0C8A691427963AD60079303A /* privacypolicy.html in Resources */ = {isa = PBXBuildFile; fileRef = 0C8A691327963AD60079303A /* privacypolicy.html */; };
		0C8A691627964FF20079303A /* Device.swift in Sources */ = {isa = PBXBuildFile; fileRef = 0C8A691527964FF10079303A /* Device.swift */; };
		0C8A6918279717F20079303A /* LatestUpdateVC.swift in Sources */ = {isa = PBXBuildFile; fileRef = 0C8A6917279717F20079303A /* LatestUpdateVC.swift */; };
		0CCDAC04278B59E30050891E /* ForgetPasswordVC.swift in Sources */ = {isa = PBXBuildFile; fileRef = 0CCDAC03278B59E30050891E /* ForgetPasswordVC.swift */; };
		36125A46D804152D5C35BDFD /* Pods_Decoy.framework in Frameworks */ = {isa = PBXBuildFile; fileRef = 63A81C20BA8A0B48A9CA559B /* Pods_Decoy.framework */; };
		E30A2F0227181DE800AABC70 /* AppDelegate.swift in Sources */ = {isa = PBXBuildFile; fileRef = E30A2F0127181DE800AABC70 /* AppDelegate.swift */; };
		E30A2F0427181DE800AABC70 /* SceneDelegate.swift in Sources */ = {isa = PBXBuildFile; fileRef = E30A2F0327181DE800AABC70 /* SceneDelegate.swift */; };
		E30A2F0927181DE800AABC70 /* Main.storyboard in Resources */ = {isa = PBXBuildFile; fileRef = E30A2F0727181DE800AABC70 /* Main.storyboard */; };
		E30A2F0B27181DEB00AABC70 /* Assets.xcassets in Resources */ = {isa = PBXBuildFile; fileRef = E30A2F0A27181DEB00AABC70 /* Assets.xcassets */; };
		E30A2F0E27181DEB00AABC70 /* LaunchScreen.storyboard in Resources */ = {isa = PBXBuildFile; fileRef = E30A2F0C27181DEB00AABC70 /* LaunchScreen.storyboard */; };
		E30A2F1727181EC200AABC70 /* LoginViewController.swift in Sources */ = {isa = PBXBuildFile; fileRef = E30A2F1627181EC200AABC70 /* LoginViewController.swift */; };
		E30A2F1A27182C2C00AABC70 /* ProfileViewController.swift in Sources */ = {isa = PBXBuildFile; fileRef = E30A2F1927182C2C00AABC70 /* ProfileViewController.swift */; };
		E30A2F1F27182CF100AABC70 /* ProfileTableViewCell.swift in Sources */ = {isa = PBXBuildFile; fileRef = E30A2F1D27182CF100AABC70 /* ProfileTableViewCell.swift */; };
		E30A2F2027182CF100AABC70 /* ProfileTableViewCell.xib in Resources */ = {isa = PBXBuildFile; fileRef = E30A2F1E27182CF100AABC70 /* ProfileTableViewCell.xib */; };
		E30A2F282718350000AABC70 /* SettingsPresenter.swift in Sources */ = {isa = PBXBuildFile; fileRef = E30A2F222718350000AABC70 /* SettingsPresenter.swift */; };
		E30A2F292718350000AABC70 /* SettingsWorker.swift in Sources */ = {isa = PBXBuildFile; fileRef = E30A2F232718350000AABC70 /* SettingsWorker.swift */; };
		E30A2F2A2718350000AABC70 /* SettingsRouter.swift in Sources */ = {isa = PBXBuildFile; fileRef = E30A2F242718350000AABC70 /* SettingsRouter.swift */; };
		E30A2F2B2718350000AABC70 /* SettingsModels.swift in Sources */ = {isa = PBXBuildFile; fileRef = E30A2F252718350000AABC70 /* SettingsModels.swift */; };
		E30A2F2C2718350000AABC70 /* SettingsViewController.swift in Sources */ = {isa = PBXBuildFile; fileRef = E30A2F262718350000AABC70 /* SettingsViewController.swift */; };
		E30A2F2D2718350000AABC70 /* SettingsInteractor.swift in Sources */ = {isa = PBXBuildFile; fileRef = E30A2F272718350000AABC70 /* SettingsInteractor.swift */; };
		E30A2F322718399600AABC70 /* SettingsTableViewCell.swift in Sources */ = {isa = PBXBuildFile; fileRef = E30A2F302718399600AABC70 /* SettingsTableViewCell.swift */; };
		E30A2F332718399600AABC70 /* SettingsTableViewCell.xib in Resources */ = {isa = PBXBuildFile; fileRef = E30A2F312718399600AABC70 /* SettingsTableViewCell.xib */; };
		E30A2F3B27183BBE00AABC70 /* HomePresenter.swift in Sources */ = {isa = PBXBuildFile; fileRef = E30A2F3527183BBE00AABC70 /* HomePresenter.swift */; };
		E30A2F3C27183BBE00AABC70 /* HomeWorker.swift in Sources */ = {isa = PBXBuildFile; fileRef = E30A2F3627183BBE00AABC70 /* HomeWorker.swift */; };
		E30A2F3D27183BBE00AABC70 /* HomeRouter.swift in Sources */ = {isa = PBXBuildFile; fileRef = E30A2F3727183BBE00AABC70 /* HomeRouter.swift */; };
		E30A2F3E27183BBE00AABC70 /* HomeModels.swift in Sources */ = {isa = PBXBuildFile; fileRef = E30A2F3827183BBE00AABC70 /* HomeModels.swift */; };
		E30A2F3F27183BBE00AABC70 /* HomeViewController.swift in Sources */ = {isa = PBXBuildFile; fileRef = E30A2F3927183BBE00AABC70 /* HomeViewController.swift */; };
		E30A2F4027183BBE00AABC70 /* HomeInteractor.swift in Sources */ = {isa = PBXBuildFile; fileRef = E30A2F3A27183BBE00AABC70 /* HomeInteractor.swift */; };
		E30A2F44271D867B00AABC70 /* DashboardCollectionViewCell.swift in Sources */ = {isa = PBXBuildFile; fileRef = E30A2F42271D867B00AABC70 /* DashboardCollectionViewCell.swift */; };
		E30A2F45271D867B00AABC70 /* DashboardCollectionViewCell.xib in Resources */ = {isa = PBXBuildFile; fileRef = E30A2F43271D867B00AABC70 /* DashboardCollectionViewCell.xib */; };
		E30A2F48271D899000AABC70 /* AddFamilyViewController.swift in Sources */ = {isa = PBXBuildFile; fileRef = E30A2F47271D899000AABC70 /* AddFamilyViewController.swift */; };
		E30A2F50271D9D6600AABC70 /* CampPlanPresenter.swift in Sources */ = {isa = PBXBuildFile; fileRef = E30A2F4A271D9D6600AABC70 /* CampPlanPresenter.swift */; };
		E30A2F51271D9D6600AABC70 /* CampPlanWorker.swift in Sources */ = {isa = PBXBuildFile; fileRef = E30A2F4B271D9D6600AABC70 /* CampPlanWorker.swift */; };
		E30A2F52271D9D6600AABC70 /* CampPlanRouter.swift in Sources */ = {isa = PBXBuildFile; fileRef = E30A2F4C271D9D6600AABC70 /* CampPlanRouter.swift */; };
		E30A2F53271D9D6600AABC70 /* CampPlanModels.swift in Sources */ = {isa = PBXBuildFile; fileRef = E30A2F4D271D9D6600AABC70 /* CampPlanModels.swift */; };
		E30A2F54271D9D6600AABC70 /* CampPlanViewController.swift in Sources */ = {isa = PBXBuildFile; fileRef = E30A2F4E271D9D6600AABC70 /* CampPlanViewController.swift */; };
		E30A2F55271D9D6600AABC70 /* CampPlanInteractor.swift in Sources */ = {isa = PBXBuildFile; fileRef = E30A2F4F271D9D6600AABC70 /* CampPlanInteractor.swift */; };
/* End PBXBuildFile section */

/* Begin PBXFileReference section */
		0402E7482722B37D004D866A /* Utility.swift */ = {isa = PBXFileReference; lastKnownFileType = sourcecode.swift; path = Utility.swift; sourceTree = "<group>"; };
		0402E7592722CCE4004D866A /* Loader.swift */ = {isa = PBXFileReference; fileEncoding = 4; lastKnownFileType = sourcecode.swift; path = Loader.swift; sourceTree = "<group>"; };
		0402E75C2722D04F004D866A /* UIColor+Theme.swift */ = {isa = PBXFileReference; fileEncoding = 4; lastKnownFileType = sourcecode.swift; path = "UIColor+Theme.swift"; sourceTree = "<group>"; };
		0402E75F2722D0B8004D866A /* Design.swift */ = {isa = PBXFileReference; fileEncoding = 4; lastKnownFileType = sourcecode.swift; path = Design.swift; sourceTree = "<group>"; };
		0402E7622722D102004D866A /* RoundedCorner.swift */ = {isa = PBXFileReference; fileEncoding = 4; lastKnownFileType = sourcecode.swift; path = RoundedCorner.swift; sourceTree = "<group>"; };
		0402E7652722D1F4004D866A /* DesignableUITextField.swift */ = {isa = PBXFileReference; lastKnownFileType = sourcecode.swift; path = DesignableUITextField.swift; sourceTree = "<group>"; };
		0402E7682723E5FD004D866A /* DateTime.swift */ = {isa = PBXFileReference; lastKnownFileType = sourcecode.swift; path = DateTime.swift; sourceTree = "<group>"; };
		0408A505276C51EF003C8131 /* map.gif */ = {isa = PBXFileReference; lastKnownFileType = image.gif; path = map.gif; sourceTree = "<group>"; };
		0416733427255A8000DE0045 /* ProfileData.swift */ = {isa = PBXFileReference; lastKnownFileType = sourcecode.swift; path = ProfileData.swift; sourceTree = "<group>"; };
		0416733827255BA900DE0045 /* ProfileTableCell.swift */ = {isa = PBXFileReference; fileEncoding = 4; lastKnownFileType = sourcecode.swift; path = ProfileTableCell.swift; sourceTree = "<group>"; };
		0416733927255BA900DE0045 /* ProfileImageTableCell.xib */ = {isa = PBXFileReference; fileEncoding = 4; lastKnownFileType = file.xib; path = ProfileImageTableCell.xib; sourceTree = "<group>"; };
		0416733D27255BE700DE0045 /* ProfileTableCell.xib */ = {isa = PBXFileReference; fileEncoding = 4; lastKnownFileType = file.xib; path = ProfileTableCell.xib; sourceTree = "<group>"; };
		0416734027255BF500DE0045 /* ProfileImageTableCell.swift */ = {isa = PBXFileReference; fileEncoding = 4; lastKnownFileType = sourcecode.swift; path = ProfileImageTableCell.swift; sourceTree = "<group>"; };
		0416734327255C1A00DE0045 /* ProfileLogoutTableCell.swift */ = {isa = PBXFileReference; fileEncoding = 4; lastKnownFileType = sourcecode.swift; path = ProfileLogoutTableCell.swift; sourceTree = "<group>"; };
		0416734427255C1A00DE0045 /* ProfileLogoutTableCell.xib */ = {isa = PBXFileReference; fileEncoding = 4; lastKnownFileType = file.xib; path = ProfileLogoutTableCell.xib; sourceTree = "<group>"; };
		0416734B2725759C00DE0045 /* Constants.swift */ = {isa = PBXFileReference; lastKnownFileType = sourcecode.swift; path = Constants.swift; sourceTree = "<group>"; };
		041673782725AAF800DE0045 /* UITableView+Extension.swift */ = {isa = PBXFileReference; lastKnownFileType = sourcecode.swift; path = "UITableView+Extension.swift"; sourceTree = "<group>"; };
		0416737B2725AB2900DE0045 /* NSObject+Extension.swift */ = {isa = PBXFileReference; lastKnownFileType = sourcecode.swift; path = "NSObject+Extension.swift"; sourceTree = "<group>"; };
		0427A8C4275A20C10022570A /* OPDResponseModel.swift */ = {isa = PBXFileReference; lastKnownFileType = sourcecode.swift; path = OPDResponseModel.swift; sourceTree = "<group>"; };
		0427A8C7275B7DB30022570A /* PDFViewController.swift */ = {isa = PBXFileReference; lastKnownFileType = sourcecode.swift; path = PDFViewController.swift; sourceTree = "<group>"; };
		0427C9A6275E8AF50042123A /* RescheduleVC.swift */ = {isa = PBXFileReference; lastKnownFileType = sourcecode.swift; path = RescheduleVC.swift; sourceTree = "<group>"; };
		042B7FEF273AE7FA00E2DD6C /* ValidationClass.swift */ = {isa = PBXFileReference; lastKnownFileType = sourcecode.swift; path = ValidationClass.swift; sourceTree = "<group>"; };
		0435277B27739E1300A18905 /* MMURegister.swift */ = {isa = PBXFileReference; lastKnownFileType = sourcecode.swift; path = MMURegister.swift; sourceTree = "<group>"; };
		0435277D27739E3500A18905 /* OPDReportsVC.swift */ = {isa = PBXFileReference; lastKnownFileType = sourcecode.swift; path = OPDReportsVC.swift; sourceTree = "<group>"; };
		0435277F27739E5F00A18905 /* MonthCampReport.swift */ = {isa = PBXFileReference; lastKnownFileType = sourcecode.swift; path = MonthCampReport.swift; sourceTree = "<group>"; };
		0435278127739E8A00A18905 /* DailyMMURegister.swift */ = {isa = PBXFileReference; lastKnownFileType = sourcecode.swift; path = DailyMMURegister.swift; sourceTree = "<group>"; };
		0435278327739EC200A18905 /* IndentRegisterVC.swift */ = {isa = PBXFileReference; lastKnownFileType = sourcecode.swift; path = IndentRegisterVC.swift; sourceTree = "<group>"; };
		0435278527739EF700A18905 /* MedicineIssueRegisterVC.swift */ = {isa = PBXFileReference; lastKnownFileType = sourcecode.swift; path = MedicineIssueRegisterVC.swift; sourceTree = "<group>"; };
		0435278727739F2C00A18905 /* StockStatusReportVC.swift */ = {isa = PBXFileReference; lastKnownFileType = sourcecode.swift; path = StockStatusReportVC.swift; sourceTree = "<group>"; };
		0435278927739F5300A18905 /* OpenBalRegisterVC.swift */ = {isa = PBXFileReference; lastKnownFileType = sourcecode.swift; path = OpenBalRegisterVC.swift; sourceTree = "<group>"; };
		0435278B27739F8100A18905 /* DrugExpReportVC.swift */ = {isa = PBXFileReference; lastKnownFileType = sourcecode.swift; path = DrugExpReportVC.swift; sourceTree = "<group>"; };
		0435278D27739FC600A18905 /* MMSSYInfoRegisterVC.swift */ = {isa = PBXFileReference; lastKnownFileType = sourcecode.swift; path = MMSSYInfoRegisterVC.swift; sourceTree = "<group>"; };
		0435278F2773A00600A18905 /* MMSSYLabourRegister.swift */ = {isa = PBXFileReference; lastKnownFileType = sourcecode.swift; path = MMSSYLabourRegister.swift; sourceTree = "<group>"; };
		043527912773A03300A18905 /* DaiDidiRegisterVC.swift */ = {isa = PBXFileReference; lastKnownFileType = sourcecode.swift; path = DaiDidiRegisterVC.swift; sourceTree = "<group>"; };
		043527932773A0A200A18905 /* IncidentRegisterVC.swift */ = {isa = PBXFileReference; lastKnownFileType = sourcecode.swift; path = IncidentRegisterVC.swift; sourceTree = "<group>"; };
		043527952773A0CF00A18905 /* AttendanceRegister.swift */ = {isa = PBXFileReference; lastKnownFileType = sourcecode.swift; path = AttendanceRegister.swift; sourceTree = "<group>"; };
		043527972773A10600A18905 /* StockTakingRegisterVC.swift */ = {isa = PBXFileReference; lastKnownFileType = sourcecode.swift; path = StockTakingRegisterVC.swift; sourceTree = "<group>"; };
		043527992773A13500A18905 /* PenaltyRegisterVC.swift */ = {isa = PBXFileReference; lastKnownFileType = sourcecode.swift; path = PenaltyRegisterVC.swift; sourceTree = "<group>"; };
		0435279B2773A16600A18905 /* EquipmentCheckListVC.swift */ = {isa = PBXFileReference; lastKnownFileType = sourcecode.swift; path = EquipmentCheckListVC.swift; sourceTree = "<group>"; };
		0435279E27749ADE00A18905 /* PendingSubModelVC.swift */ = {isa = PBXFileReference; lastKnownFileType = sourcecode.swift; path = PendingSubModelVC.swift; sourceTree = "<group>"; };
		044064E2274D631900C4E81F /* CustomPickerView.swift */ = {isa = PBXFileReference; lastKnownFileType = sourcecode.swift; path = CustomPickerView.swift; sourceTree = "<group>"; };
		044064E4274E234200C4E81F /* LocationManager.swift */ = {isa = PBXFileReference; lastKnownFileType = sourcecode.swift; path = LocationManager.swift; sourceTree = "<group>"; };
		045728612755243000439C34 /* AppointHistoryCell.swift */ = {isa = PBXFileReference; lastKnownFileType = sourcecode.swift; path = AppointHistoryCell.swift; sourceTree = "<group>"; };
		045728622755243000439C34 /* AppointHistoryCell.xib */ = {isa = PBXFileReference; lastKnownFileType = file.xib; path = AppointHistoryCell.xib; sourceTree = "<group>"; };
		0457286627553ED100439C34 /* AppointHistoryResponseModel.swift */ = {isa = PBXFileReference; lastKnownFileType = sourcecode.swift; path = AppointHistoryResponseModel.swift; sourceTree = "<group>"; };
		045C91A02766209400E10EB6 /* OfficialDashboardVC.swift */ = {isa = PBXFileReference; lastKnownFileType = sourcecode.swift; path = OfficialDashboardVC.swift; sourceTree = "<group>"; };
		045C91A3276620E200E10EB6 /* AnalyticReportVC.swift */ = {isa = PBXFileReference; lastKnownFileType = sourcecode.swift; path = AnalyticReportVC.swift; sourceTree = "<group>"; };
		045C91A627664D9900E10EB6 /* PendingApprovalVC.swift */ = {isa = PBXFileReference; lastKnownFileType = sourcecode.swift; path = PendingApprovalVC.swift; sourceTree = "<group>"; };
		045C91A927664DF700E10EB6 /* PandemicZoneVC.swift */ = {isa = PBXFileReference; lastKnownFileType = sourcecode.swift; path = PandemicZoneVC.swift; sourceTree = "<group>"; };
		045C91AB276654A300E10EB6 /* LogoutVC.swift */ = {isa = PBXFileReference; lastKnownFileType = sourcecode.swift; path = LogoutVC.swift; sourceTree = "<group>"; };
		046D95F6273C32F10063FDCB /* OTPStackView.swift */ = {isa = PBXFileReference; lastKnownFileType = sourcecode.swift; path = OTPStackView.swift; sourceTree = "<group>"; };
		046D95F8273C33650063FDCB /* OTPTextField.swift */ = {isa = PBXFileReference; lastKnownFileType = sourcecode.swift; path = OTPTextField.swift; sourceTree = "<group>"; };
		046D95FA273C39260063FDCB /* OTPView.swift */ = {isa = PBXFileReference; lastKnownFileType = sourcecode.swift; path = OTPView.swift; sourceTree = "<group>"; };
		046D95FD273C39450063FDCB /* OTPView.xib */ = {isa = PBXFileReference; lastKnownFileType = file.xib; path = OTPView.xib; sourceTree = "<group>"; };
		046FABE02767146C00565FA6 /* PendingApprovalCell.swift */ = {isa = PBXFileReference; lastKnownFileType = sourcecode.swift; path = PendingApprovalCell.swift; sourceTree = "<group>"; };
		046FABE12767146C00565FA6 /* PendingApprovalCell.xib */ = {isa = PBXFileReference; lastKnownFileType = file.xib; path = PendingApprovalCell.xib; sourceTree = "<group>"; };
		046FABE52767153900565FA6 /* AnalticReportCell.swift */ = {isa = PBXFileReference; lastKnownFileType = sourcecode.swift; path = AnalticReportCell.swift; sourceTree = "<group>"; };
		046FABE62767153900565FA6 /* AnalticReportCell.xib */ = {isa = PBXFileReference; lastKnownFileType = file.xib; path = AnalticReportCell.xib; sourceTree = "<group>"; };
		046FABED2767C5AC00565FA6 /* LoginOfficialResponse.swift */ = {isa = PBXFileReference; lastKnownFileType = sourcecode.swift; path = LoginOfficialResponse.swift; sourceTree = "<group>"; };
		047830F527579111005C594B /* RadioButtonController.swift */ = {isa = PBXFileReference; lastKnownFileType = sourcecode.swift; path = RadioButtonController.swift; sourceTree = "<group>"; };
		047830F92757EECA005C594B /* LAbResultViewController.swift */ = {isa = PBXFileReference; lastKnownFileType = sourcecode.swift; path = LAbResultViewController.swift; sourceTree = "<group>"; };
		047830FB2757EEF4005C594B /* OPDHistoryVC.swift */ = {isa = PBXFileReference; lastKnownFileType = sourcecode.swift; path = OPDHistoryVC.swift; sourceTree = "<group>"; };
		047830FF2757EFA2005C594B /* OPDTableCell.swift */ = {isa = PBXFileReference; lastKnownFileType = sourcecode.swift; path = OPDTableCell.swift; sourceTree = "<group>"; };
		047831002757EFA2005C594B /* OPDTableCell.xib */ = {isa = PBXFileReference; lastKnownFileType = file.xib; path = OPDTableCell.xib; sourceTree = "<group>"; };
		047831032757F010005C594B /* LABResultTableCell.swift */ = {isa = PBXFileReference; lastKnownFileType = sourcecode.swift; path = LABResultTableCell.swift; sourceTree = "<group>"; };
		047831042757F010005C594B /* LABResultTableCell.xib */ = {isa = PBXFileReference; lastKnownFileType = file.xib; path = LABResultTableCell.xib; sourceTree = "<group>"; };
		047831082758AAE5005C594B /* LABResponseModel.swift */ = {isa = PBXFileReference; lastKnownFileType = sourcecode.swift; path = LABResponseModel.swift; sourceTree = "<group>"; };
		047A2792276F51390092963B /* TabbarViewController.swift */ = {isa = PBXFileReference; lastKnownFileType = sourcecode.swift; path = TabbarViewController.swift; sourceTree = "<group>"; };
		04837DA52725B10D0090BBE4 /* CollectionData.swift */ = {isa = PBXFileReference; lastKnownFileType = sourcecode.swift; path = CollectionData.swift; sourceTree = "<group>"; };
		04837DA92725DF630090BBE4 /* RegistrationViewController.swift */ = {isa = PBXFileReference; lastKnownFileType = sourcecode.swift; path = RegistrationViewController.swift; sourceTree = "<group>"; };
		04837DAD2725E4340090BBE4 /* VerifyOTPView.swift */ = {isa = PBXFileReference; lastKnownFileType = sourcecode.swift; path = VerifyOTPView.swift; sourceTree = "<group>"; };
		04837DB02725E4410090BBE4 /* VerifyOTPView.xib */ = {isa = PBXFileReference; lastKnownFileType = file.xib; path = VerifyOTPView.xib; sourceTree = "<group>"; };
		0485858A275167D000055AC8 /* AppointmentResponseModel.swift */ = {isa = PBXFileReference; lastKnownFileType = sourcecode.swift; path = AppointmentResponseModel.swift; sourceTree = "<group>"; };
		0485858D27536D4B00055AC8 /* TimeSlotViewCell.swift */ = {isa = PBXFileReference; lastKnownFileType = sourcecode.swift; path = TimeSlotViewCell.swift; sourceTree = "<group>"; };
		0485858E27536D4B00055AC8 /* TimeSlotViewCell.xib */ = {isa = PBXFileReference; lastKnownFileType = file.xib; path = TimeSlotViewCell.xib; sourceTree = "<group>"; };
		048585922753FD5000055AC8 /* AppointmentHistoryVC.swift */ = {isa = PBXFileReference; lastKnownFileType = sourcecode.swift; path = AppointmentHistoryVC.swift; sourceTree = "<group>"; };
		04984BA527457D49001EC315 /* FamilyListCell.swift */ = {isa = PBXFileReference; lastKnownFileType = sourcecode.swift; path = FamilyListCell.swift; sourceTree = "<group>"; };
		04984BA627457D49001EC315 /* FamilyListCell.xib */ = {isa = PBXFileReference; lastKnownFileType = file.xib; path = FamilyListCell.xib; sourceTree = "<group>"; };
		04996CAE2727202F0006BDE2 /* UserInfoViewController.swift */ = {isa = PBXFileReference; lastKnownFileType = sourcecode.swift; path = UserInfoViewController.swift; sourceTree = "<group>"; };
		04996CB2272720FA0006BDE2 /* UserInfoCell.swift */ = {isa = PBXFileReference; lastKnownFileType = sourcecode.swift; path = UserInfoCell.swift; sourceTree = "<group>"; };
		04996CB3272720FA0006BDE2 /* UserInfoCell.xib */ = {isa = PBXFileReference; lastKnownFileType = file.xib; path = UserInfoCell.xib; sourceTree = "<group>"; };
		04B7C802276FC26100680B36 /* PatientProfileVC.swift */ = {isa = PBXFileReference; lastKnownFileType = sourcecode.swift; path = PatientProfileVC.swift; sourceTree = "<group>"; };
		04B832DE272494FE00379243 /* DashboardViewController.swift */ = {isa = PBXFileReference; lastKnownFileType = sourcecode.swift; path = DashboardViewController.swift; sourceTree = "<group>"; };
		04B832E12724952E00379243 /* SettingViewController.swift */ = {isa = PBXFileReference; lastKnownFileType = sourcecode.swift; path = SettingViewController.swift; sourceTree = "<group>"; };
		04BA81E82739978200024685 /* PatientRequestModel.swift */ = {isa = PBXFileReference; lastKnownFileType = sourcecode.swift; path = PatientRequestModel.swift; sourceTree = "<group>"; };
		04C122F0275FA89C007B7EA5 /* RescheduleTableCell.swift */ = {isa = PBXFileReference; lastKnownFileType = sourcecode.swift; path = RescheduleTableCell.swift; sourceTree = "<group>"; };
		04C122F1275FA89C007B7EA5 /* RescheduleTableCell.xib */ = {isa = PBXFileReference; lastKnownFileType = file.xib; path = RescheduleTableCell.xib; sourceTree = "<group>"; };
		04C41341276D9F79003310E9 /* CampPlanResponse.swift */ = {isa = PBXFileReference; lastKnownFileType = sourcecode.swift; path = CampPlanResponse.swift; sourceTree = "<group>"; };
		04C41343276DF318003310E9 /* Decoy.entitlements */ = {isa = PBXFileReference; lastKnownFileType = text.plist.entitlements; path = Decoy.entitlements; sourceTree = "<group>"; };
		04C41344276E0310003310E9 /* CoreLocationManager.swift */ = {isa = PBXFileReference; lastKnownFileType = sourcecode.swift; path = CoreLocationManager.swift; sourceTree = "<group>"; };
		04D0D7B02769229500BCC278 /* CamPlanCell.swift */ = {isa = PBXFileReference; lastKnownFileType = sourcecode.swift; path = CamPlanCell.swift; sourceTree = "<group>"; };
		04D0D7B12769229500BCC278 /* CamPlanCell.xib */ = {isa = PBXFileReference; lastKnownFileType = file.xib; path = CamPlanCell.xib; sourceTree = "<group>"; };
		04D240832771A6BF00BB7A72 /* WebAPi.swift */ = {isa = PBXFileReference; lastKnownFileType = sourcecode.swift; path = WebAPi.swift; sourceTree = "<group>"; };
		04D38B79274A3F42006A6C78 /* CampPlanVC.swift */ = {isa = PBXFileReference; lastKnownFileType = sourcecode.swift; path = CampPlanVC.swift; sourceTree = "<group>"; };
		04D38B7C274B5EC0006A6C78 /* BookAppointmentVC.swift */ = {isa = PBXFileReference; lastKnownFileType = sourcecode.swift; path = BookAppointmentVC.swift; sourceTree = "<group>"; };
		04E24E1E2729C8500013FDD3 /* PatientListJSONModel.swift */ = {isa = PBXFileReference; lastKnownFileType = sourcecode.swift; path = PatientListJSONModel.swift; sourceTree = "<group>"; };
		04E3C2C72724735E008A074B /* Extensions.swift */ = {isa = PBXFileReference; fileEncoding = 4; lastKnownFileType = sourcecode.swift; path = Extensions.swift; sourceTree = "<group>"; };
		04E3C2CC27247455008A074B /* SmoothTabBarView.xib */ = {isa = PBXFileReference; fileEncoding = 4; lastKnownFileType = file.xib; path = SmoothTabBarView.xib; sourceTree = "<group>"; };
		04E3C2CD27247455008A074B /* SmoothTabBarView.swift */ = {isa = PBXFileReference; fileEncoding = 4; lastKnownFileType = sourcecode.swift; path = SmoothTabBarView.swift; sourceTree = "<group>"; };
		04E3C2CF27247455008A074B /* SmoothTabItemView.swift */ = {isa = PBXFileReference; fileEncoding = 4; lastKnownFileType = sourcecode.swift; path = SmoothTabItemView.swift; sourceTree = "<group>"; };
		04E3C2D027247455008A074B /* SmoothTabItemView.xib */ = {isa = PBXFileReference; fileEncoding = 4; lastKnownFileType = file.xib; path = SmoothTabItemView.xib; sourceTree = "<group>"; };
		04E3C2D227247455008A074B /* AppTabBarViewController.swift */ = {isa = PBXFileReference; fileEncoding = 4; lastKnownFileType = sourcecode.swift; path = AppTabBarViewController.swift; sourceTree = "<group>"; };
		04E47D59272806CD00A4C0DB /* NetworkManager.swift */ = {isa = PBXFileReference; fileEncoding = 4; lastKnownFileType = sourcecode.swift; path = NetworkManager.swift; sourceTree = "<group>"; };
		04E47D682728115300A4C0DB /* LoginJSONModel.swift */ = {isa = PBXFileReference; lastKnownFileType = sourcecode.swift; path = LoginJSONModel.swift; sourceTree = "<group>"; };
		09BC3AAE9555263D090F3D75 /* Pods-Decoy.release.xcconfig */ = {isa = PBXFileReference; includeInIndex = 1; lastKnownFileType = text.xcconfig; name = "Pods-Decoy.release.xcconfig"; path = "Target Support Files/Pods-Decoy/Pods-Decoy.release.xcconfig"; sourceTree = "<group>"; };
		0C02855D277647E40017B2F1 /* AllReportModelVC.swift */ = {isa = PBXFileReference; lastKnownFileType = sourcecode.swift; path = AllReportModelVC.swift; sourceTree = "<group>"; };
		0C68CB0227A9BBAE00C536CA /* PrivacyPolicyVC.swift */ = {isa = PBXFileReference; lastKnownFileType = sourcecode.swift; path = PrivacyPolicyVC.swift; sourceTree = "<group>"; };
		0C8A690D2795CAE80079303A /* UserMenualVC.swift */ = {isa = PBXFileReference; lastKnownFileType = sourcecode.swift; path = UserMenualVC.swift; sourceTree = "<group>"; };
		0C8A690F2795D2920079303A /* UserManual_OfficialMobileApp.pdf */ = {isa = PBXFileReference; lastKnownFileType = image.pdf; path = UserManual_OfficialMobileApp.pdf; sourceTree = "<group>"; };
		0C8A69112795D29D0079303A /* UserManual_PatientMobileApp.pdf */ = {isa = PBXFileReference; lastKnownFileType = image.pdf; path = UserManual_PatientMobileApp.pdf; sourceTree = "<group>"; };
		0C8A691327963AD60079303A /* privacypolicy.html */ = {isa = PBXFileReference; fileEncoding = 4; lastKnownFileType = text.html; path = privacypolicy.html; sourceTree = "<group>"; };
		0C8A691527964FF10079303A /* Device.swift */ = {isa = PBXFileReference; lastKnownFileType = sourcecode.swift; path = Device.swift; sourceTree = "<group>"; };
		0C8A6917279717F20079303A /* LatestUpdateVC.swift */ = {isa = PBXFileReference; lastKnownFileType = sourcecode.swift; path = LatestUpdateVC.swift; sourceTree = "<group>"; };
		0CCDAC03278B59E30050891E /* ForgetPasswordVC.swift */ = {isa = PBXFileReference; lastKnownFileType = sourcecode.swift; path = ForgetPasswordVC.swift; sourceTree = "<group>"; };
		62410E77FE703117B87BCF52 /* Pods-Decoy.debug.xcconfig */ = {isa = PBXFileReference; includeInIndex = 1; lastKnownFileType = text.xcconfig; name = "Pods-Decoy.debug.xcconfig"; path = "Target Support Files/Pods-Decoy/Pods-Decoy.debug.xcconfig"; sourceTree = "<group>"; };
		63A81C20BA8A0B48A9CA559B /* Pods_Decoy.framework */ = {isa = PBXFileReference; explicitFileType = wrapper.framework; includeInIndex = 0; path = Pods_Decoy.framework; sourceTree = BUILT_PRODUCTS_DIR; };
		E30A2EFE27181DE800AABC70 /* Decoy.app */ = {isa = PBXFileReference; explicitFileType = wrapper.application; includeInIndex = 0; path = Decoy.app; sourceTree = BUILT_PRODUCTS_DIR; };
		E30A2F0127181DE800AABC70 /* AppDelegate.swift */ = {isa = PBXFileReference; lastKnownFileType = sourcecode.swift; path = AppDelegate.swift; sourceTree = "<group>"; };
		E30A2F0327181DE800AABC70 /* SceneDelegate.swift */ = {isa = PBXFileReference; lastKnownFileType = sourcecode.swift; path = SceneDelegate.swift; sourceTree = "<group>"; };
		E30A2F0827181DE800AABC70 /* Base */ = {isa = PBXFileReference; lastKnownFileType = file.storyboard; name = Base; path = Base.lproj/Main.storyboard; sourceTree = "<group>"; };
		E30A2F0A27181DEB00AABC70 /* Assets.xcassets */ = {isa = PBXFileReference; lastKnownFileType = folder.assetcatalog; path = Assets.xcassets; sourceTree = "<group>"; };
		E30A2F0D27181DEB00AABC70 /* Base */ = {isa = PBXFileReference; lastKnownFileType = file.storyboard; name = Base; path = Base.lproj/LaunchScreen.storyboard; sourceTree = "<group>"; };
		E30A2F0F27181DEB00AABC70 /* Info.plist */ = {isa = PBXFileReference; lastKnownFileType = text.plist.xml; path = Info.plist; sourceTree = "<group>"; };
		E30A2F1627181EC200AABC70 /* LoginViewController.swift */ = {isa = PBXFileReference; lastKnownFileType = sourcecode.swift; path = LoginViewController.swift; sourceTree = "<group>"; };
		E30A2F1927182C2C00AABC70 /* ProfileViewController.swift */ = {isa = PBXFileReference; lastKnownFileType = sourcecode.swift; path = ProfileViewController.swift; sourceTree = "<group>"; };
		E30A2F1D27182CF100AABC70 /* ProfileTableViewCell.swift */ = {isa = PBXFileReference; lastKnownFileType = sourcecode.swift; path = ProfileTableViewCell.swift; sourceTree = "<group>"; };
		E30A2F1E27182CF100AABC70 /* ProfileTableViewCell.xib */ = {isa = PBXFileReference; lastKnownFileType = file.xib; path = ProfileTableViewCell.xib; sourceTree = "<group>"; };
		E30A2F222718350000AABC70 /* SettingsPresenter.swift */ = {isa = PBXFileReference; lastKnownFileType = sourcecode.swift; path = SettingsPresenter.swift; sourceTree = "<group>"; };
		E30A2F232718350000AABC70 /* SettingsWorker.swift */ = {isa = PBXFileReference; lastKnownFileType = sourcecode.swift; path = SettingsWorker.swift; sourceTree = "<group>"; };
		E30A2F242718350000AABC70 /* SettingsRouter.swift */ = {isa = PBXFileReference; lastKnownFileType = sourcecode.swift; path = SettingsRouter.swift; sourceTree = "<group>"; };
		E30A2F252718350000AABC70 /* SettingsModels.swift */ = {isa = PBXFileReference; lastKnownFileType = sourcecode.swift; path = SettingsModels.swift; sourceTree = "<group>"; };
		E30A2F262718350000AABC70 /* SettingsViewController.swift */ = {isa = PBXFileReference; lastKnownFileType = sourcecode.swift; path = SettingsViewController.swift; sourceTree = "<group>"; };
		E30A2F272718350000AABC70 /* SettingsInteractor.swift */ = {isa = PBXFileReference; lastKnownFileType = sourcecode.swift; path = SettingsInteractor.swift; sourceTree = "<group>"; };
		E30A2F302718399600AABC70 /* SettingsTableViewCell.swift */ = {isa = PBXFileReference; lastKnownFileType = sourcecode.swift; path = SettingsTableViewCell.swift; sourceTree = "<group>"; };
		E30A2F312718399600AABC70 /* SettingsTableViewCell.xib */ = {isa = PBXFileReference; lastKnownFileType = file.xib; path = SettingsTableViewCell.xib; sourceTree = "<group>"; };
		E30A2F3527183BBE00AABC70 /* HomePresenter.swift */ = {isa = PBXFileReference; lastKnownFileType = sourcecode.swift; path = HomePresenter.swift; sourceTree = "<group>"; };
		E30A2F3627183BBE00AABC70 /* HomeWorker.swift */ = {isa = PBXFileReference; lastKnownFileType = sourcecode.swift; path = HomeWorker.swift; sourceTree = "<group>"; };
		E30A2F3727183BBE00AABC70 /* HomeRouter.swift */ = {isa = PBXFileReference; lastKnownFileType = sourcecode.swift; path = HomeRouter.swift; sourceTree = "<group>"; };
		E30A2F3827183BBE00AABC70 /* HomeModels.swift */ = {isa = PBXFileReference; lastKnownFileType = sourcecode.swift; path = HomeModels.swift; sourceTree = "<group>"; };
		E30A2F3927183BBE00AABC70 /* HomeViewController.swift */ = {isa = PBXFileReference; lastKnownFileType = sourcecode.swift; path = HomeViewController.swift; sourceTree = "<group>"; };
		E30A2F3A27183BBE00AABC70 /* HomeInteractor.swift */ = {isa = PBXFileReference; lastKnownFileType = sourcecode.swift; path = HomeInteractor.swift; sourceTree = "<group>"; };
		E30A2F42271D867B00AABC70 /* DashboardCollectionViewCell.swift */ = {isa = PBXFileReference; lastKnownFileType = sourcecode.swift; path = DashboardCollectionViewCell.swift; sourceTree = "<group>"; };
		E30A2F43271D867B00AABC70 /* DashboardCollectionViewCell.xib */ = {isa = PBXFileReference; lastKnownFileType = file.xib; path = DashboardCollectionViewCell.xib; sourceTree = "<group>"; };
		E30A2F47271D899000AABC70 /* AddFamilyViewController.swift */ = {isa = PBXFileReference; lastKnownFileType = sourcecode.swift; path = AddFamilyViewController.swift; sourceTree = "<group>"; };
		E30A2F4A271D9D6600AABC70 /* CampPlanPresenter.swift */ = {isa = PBXFileReference; lastKnownFileType = sourcecode.swift; path = CampPlanPresenter.swift; sourceTree = "<group>"; };
		E30A2F4B271D9D6600AABC70 /* CampPlanWorker.swift */ = {isa = PBXFileReference; lastKnownFileType = sourcecode.swift; path = CampPlanWorker.swift; sourceTree = "<group>"; };
		E30A2F4C271D9D6600AABC70 /* CampPlanRouter.swift */ = {isa = PBXFileReference; lastKnownFileType = sourcecode.swift; path = CampPlanRouter.swift; sourceTree = "<group>"; };
		E30A2F4D271D9D6600AABC70 /* CampPlanModels.swift */ = {isa = PBXFileReference; lastKnownFileType = sourcecode.swift; path = CampPlanModels.swift; sourceTree = "<group>"; };
		E30A2F4E271D9D6600AABC70 /* CampPlanViewController.swift */ = {isa = PBXFileReference; lastKnownFileType = sourcecode.swift; path = CampPlanViewController.swift; sourceTree = "<group>"; };
		E30A2F4F271D9D6600AABC70 /* CampPlanInteractor.swift */ = {isa = PBXFileReference; lastKnownFileType = sourcecode.swift; path = CampPlanInteractor.swift; sourceTree = "<group>"; };
/* End PBXFileReference section */

/* Begin PBXFrameworksBuildPhase section */
		E30A2EFB27181DE800AABC70 /* Frameworks */ = {
			isa = PBXFrameworksBuildPhase;
			buildActionMask = 2147483647;
			files = (
				36125A46D804152D5C35BDFD /* Pods_Decoy.framework in Frameworks */,
			);
			runOnlyForDeploymentPostprocessing = 0;
		};
/* End PBXFrameworksBuildPhase section */

/* Begin PBXGroup section */
		0402E7472722B362004D866A /* Utility */ = {
			isa = PBXGroup;
			children = (
				0402E7482722B37D004D866A /* Utility.swift */,
				0402E75C2722D04F004D866A /* UIColor+Theme.swift */,
				0402E75F2722D0B8004D866A /* Design.swift */,
				0402E7622722D102004D866A /* RoundedCorner.swift */,
				04E3C2C72724735E008A074B /* Extensions.swift */,
				0402E7592722CCE4004D866A /* Loader.swift */,
				0402E7652722D1F4004D866A /* DesignableUITextField.swift */,
				0402E7682723E5FD004D866A /* DateTime.swift */,
				0416734B2725759C00DE0045 /* Constants.swift */,
				041673782725AAF800DE0045 /* UITableView+Extension.swift */,
				0416737B2725AB2900DE0045 /* NSObject+Extension.swift */,
				042B7FEF273AE7FA00E2DD6C /* ValidationClass.swift */,
				046D95F6273C32F10063FDCB /* OTPStackView.swift */,
				046D95F8273C33650063FDCB /* OTPTextField.swift */,
				044064E2274D631900C4E81F /* CustomPickerView.swift */,
				044064E4274E234200C4E81F /* LocationManager.swift */,
				047830F527579111005C594B /* RadioButtonController.swift */,
				04C41344276E0310003310E9 /* CoreLocationManager.swift */,
				0C8A691527964FF10079303A /* Device.swift */,
			);
			path = Utility;
			sourceTree = "<group>";
		};
		0408A504276C51DC003C8131 /* Images */ = {
			isa = PBXGroup;
			children = (
				0408A505276C51EF003C8131 /* map.gif */,
			);
			path = Images;
			sourceTree = "<group>";
		};
		0416733727255B8100DE0045 /* View */ = {
			isa = PBXGroup;
			children = (
				0416734327255C1A00DE0045 /* ProfileLogoutTableCell.swift */,
				0416734427255C1A00DE0045 /* ProfileLogoutTableCell.xib */,
				0416733827255BA900DE0045 /* ProfileTableCell.swift */,
				0416733D27255BE700DE0045 /* ProfileTableCell.xib */,
				0416734027255BF500DE0045 /* ProfileImageTableCell.swift */,
				0416733927255BA900DE0045 /* ProfileImageTableCell.xib */,
			);
			path = View;
			sourceTree = "<group>";
		};
		0427A8C3275A20A70022570A /* Model */ = {
			isa = PBXGroup;
			children = (
				0427A8C4275A20C10022570A /* OPDResponseModel.swift */,
			);
			path = Model;
			sourceTree = "<group>";
		};
		0427A8C6275B7D860022570A /* PDFViewer */ = {
			isa = PBXGroup;
			children = (
				0427A8C7275B7DB30022570A /* PDFViewController.swift */,
			);
			path = PDFViewer;
			sourceTree = "<group>";
		};
		0427C9A5275E8ACB0042123A /* Reschedule */ = {
			isa = PBXGroup;
			children = (
				04C122EF275F9C30007B7EA5 /* View */,
				0427C9A6275E8AF50042123A /* RescheduleVC.swift */,
			);
			path = Reschedule;
			sourceTree = "<group>";
		};
		0435277A27739DA800A18905 /* AllReportController */ = {
			isa = PBXGroup;
			children = (
				0435277B27739E1300A18905 /* MMURegister.swift */,
				0435277D27739E3500A18905 /* OPDReportsVC.swift */,
				0435277F27739E5F00A18905 /* MonthCampReport.swift */,
				0435278127739E8A00A18905 /* DailyMMURegister.swift */,
				0435278327739EC200A18905 /* IndentRegisterVC.swift */,
				0435278527739EF700A18905 /* MedicineIssueRegisterVC.swift */,
				0435278727739F2C00A18905 /* StockStatusReportVC.swift */,
				0435278927739F5300A18905 /* OpenBalRegisterVC.swift */,
				0435278B27739F8100A18905 /* DrugExpReportVC.swift */,
				0435278D27739FC600A18905 /* MMSSYInfoRegisterVC.swift */,
				0435278F2773A00600A18905 /* MMSSYLabourRegister.swift */,
				043527912773A03300A18905 /* DaiDidiRegisterVC.swift */,
				043527932773A0A200A18905 /* IncidentRegisterVC.swift */,
				043527952773A0CF00A18905 /* AttendanceRegister.swift */,
				043527972773A10600A18905 /* StockTakingRegisterVC.swift */,
				043527992773A13500A18905 /* PenaltyRegisterVC.swift */,
				0435279B2773A16600A18905 /* EquipmentCheckListVC.swift */,
				0C02855D277647E40017B2F1 /* AllReportModelVC.swift */,
			);
			path = AllReportController;
			sourceTree = "<group>";
		};
		0435279D277498C400A18905 /* AllApprovalController */ = {
			isa = PBXGroup;
			children = (
				0435279E27749ADE00A18905 /* PendingSubModelVC.swift */,
			);
			path = AllApprovalController;
			sourceTree = "<group>";
		};
		04572860275523F700439C34 /* View */ = {
			isa = PBXGroup;
			children = (
				045728612755243000439C34 /* AppointHistoryCell.swift */,
				045728622755243000439C34 /* AppointHistoryCell.xib */,
			);
			path = View;
			sourceTree = "<group>";
		};
		0457286527553E9C00439C34 /* Model */ = {
			isa = PBXGroup;
			children = (
				0457286627553ED100439C34 /* AppointHistoryResponseModel.swift */,
			);
			path = Model;
			sourceTree = "<group>";
		};
		045C919E276612EB00E10EB6 /* officialController */ = {
			isa = PBXGroup;
			children = (
				045C91A827664DC400E10EB6 /* PandemicZone */,
				045C91A527664D5F00E10EB6 /* Pending */,
				045C91A22766209C00E10EB6 /* AnalyticReport */,
				045C919F2766206700E10EB6 /* OfficialDashboard */,
			);
			path = officialController;
			sourceTree = "<group>";
		};
		045C919F2766206700E10EB6 /* OfficialDashboard */ = {
			isa = PBXGroup;
			children = (
				045C91A02766209400E10EB6 /* OfficialDashboardVC.swift */,
			);
			path = OfficialDashboard;
			sourceTree = "<group>";
		};
		045C91A22766209C00E10EB6 /* AnalyticReport */ = {
			isa = PBXGroup;
			children = (
				0435277A27739DA800A18905 /* AllReportController */,
				046FABE4276714F800565FA6 /* View */,
				045C91A3276620E200E10EB6 /* AnalyticReportVC.swift */,
			);
			path = AnalyticReport;
			sourceTree = "<group>";
		};
		045C91A527664D5F00E10EB6 /* Pending */ = {
			isa = PBXGroup;
			children = (
				0435279D277498C400A18905 /* AllApprovalController */,
				045C91A627664D9900E10EB6 /* PendingApprovalVC.swift */,
				046FABE02767146C00565FA6 /* PendingApprovalCell.swift */,
				046FABE12767146C00565FA6 /* PendingApprovalCell.xib */,
			);
			path = Pending;
			sourceTree = "<group>";
		};
		045C91A827664DC400E10EB6 /* PandemicZone */ = {
			isa = PBXGroup;
			children = (
				045C91A927664DF700E10EB6 /* PandemicZoneVC.swift */,
			);
			path = PandemicZone;
			sourceTree = "<group>";
		};
		046D95FC273C39340063FDCB /* OTPView */ = {
			isa = PBXGroup;
			children = (
				046D95FA273C39260063FDCB /* OTPView.swift */,
				046D95FD273C39450063FDCB /* OTPView.xib */,
			);
			path = OTPView;
			sourceTree = "<group>";
		};
		046FABE4276714F800565FA6 /* View */ = {
			isa = PBXGroup;
			children = (
				046FABE52767153900565FA6 /* AnalticReportCell.swift */,
				046FABE62767153900565FA6 /* AnalticReportCell.xib */,
			);
			path = View;
			sourceTree = "<group>";
		};
		047830F72757EE8D005C594B /* OPDHistory */ = {
			isa = PBXGroup;
			children = (
				0427A8C3275A20A70022570A /* Model */,
				047830FE2757EF64005C594B /* View */,
				047830FB2757EEF4005C594B /* OPDHistoryVC.swift */,
			);
			path = OPDHistory;
			sourceTree = "<group>";
		};
		047830F82757EE9B005C594B /* LAbResult */ = {
			isa = PBXGroup;
			children = (
				047831072758AAB0005C594B /* Model */,
				047830FD2757EF5B005C594B /* View */,
				047830F92757EECA005C594B /* LAbResultViewController.swift */,
			);
			path = LAbResult;
			sourceTree = "<group>";
		};
		047830FD2757EF5B005C594B /* View */ = {
			isa = PBXGroup;
			children = (
				047831032757F010005C594B /* LABResultTableCell.swift */,
				047831042757F010005C594B /* LABResultTableCell.xib */,
			);
			path = View;
			sourceTree = "<group>";
		};
		047830FE2757EF64005C594B /* View */ = {
			isa = PBXGroup;
			children = (
				047830FF2757EFA2005C594B /* OPDTableCell.swift */,
				047831002757EFA2005C594B /* OPDTableCell.xib */,
			);
			path = View;
			sourceTree = "<group>";
		};
		047831072758AAB0005C594B /* Model */ = {
			isa = PBXGroup;
			children = (
				047831082758AAE5005C594B /* LABResponseModel.swift */,
			);
			path = Model;
			sourceTree = "<group>";
		};
		047A2791276F51000092963B /* TabBarController */ = {
			isa = PBXGroup;
			children = (
				047A2792276F51390092963B /* TabbarViewController.swift */,
			);
			path = TabBarController;
			sourceTree = "<group>";
		};
		04837DA82725DF4B0090BBE4 /* Registration */ = {
			isa = PBXGroup;
			children = (
				04837DAC2725E4010090BBE4 /* View */,
				04837DA92725DF630090BBE4 /* RegistrationViewController.swift */,
			);
			path = Registration;
			sourceTree = "<group>";
		};
		04837DAC2725E4010090BBE4 /* View */ = {
			isa = PBXGroup;
			children = (
				04837DAD2725E4340090BBE4 /* VerifyOTPView.swift */,
				04837DB02725E4410090BBE4 /* VerifyOTPView.xib */,
			);
			path = View;
			sourceTree = "<group>";
		};
		04858589275167A600055AC8 /* Model */ = {
			isa = PBXGroup;
			children = (
				0485858A275167D000055AC8 /* AppointmentResponseModel.swift */,
			);
			path = Model;
			sourceTree = "<group>";
		};
		0485858C27536D1400055AC8 /* View */ = {
			isa = PBXGroup;
			children = (
				0485858D27536D4B00055AC8 /* TimeSlotViewCell.swift */,
				0485858E27536D4B00055AC8 /* TimeSlotViewCell.xib */,
			);
			path = View;
			sourceTree = "<group>";
		};
		048585912753FD1C00055AC8 /* AppointmentHistory */ = {
			isa = PBXGroup;
			children = (
				0457286527553E9C00439C34 /* Model */,
				04572860275523F700439C34 /* View */,
				048585922753FD5000055AC8 /* AppointmentHistoryVC.swift */,
			);
			path = AppointmentHistory;
			sourceTree = "<group>";
		};
		04984BA427457CF5001EC315 /* View */ = {
			isa = PBXGroup;
			children = (
				04984BA527457D49001EC315 /* FamilyListCell.swift */,
				04984BA627457D49001EC315 /* FamilyListCell.xib */,
			);
			path = View;
			sourceTree = "<group>";
		};
		04996CAD27271FFF0006BDE2 /* UserInformation */ = {
			isa = PBXGroup;
			children = (
				04E24E1D2729C8330013FDD3 /* Model */,
				04996CB1272720D20006BDE2 /* View */,
				04996CAE2727202F0006BDE2 /* UserInfoViewController.swift */,
			);
			path = UserInformation;
			sourceTree = "<group>";
		};
		04996CB1272720D20006BDE2 /* View */ = {
			isa = PBXGroup;
			children = (
				04996CB2272720FA0006BDE2 /* UserInfoCell.swift */,
				04996CB3272720FA0006BDE2 /* UserInfoCell.xib */,
			);
			path = View;
			sourceTree = "<group>";
		};
		04C122EF275F9C30007B7EA5 /* View */ = {
			isa = PBXGroup;
			children = (
				04C122F0275FA89C007B7EA5 /* RescheduleTableCell.swift */,
				04C122F1275FA89C007B7EA5 /* RescheduleTableCell.xib */,
			);
			path = View;
			sourceTree = "<group>";
		};
		04C41340276D9F56003310E9 /* Model */ = {
			isa = PBXGroup;
			children = (
				04C41341276D9F79003310E9 /* CampPlanResponse.swift */,
			);
			path = Model;
			sourceTree = "<group>";
		};
		04D0D7AF2769226400BCC278 /* View */ = {
			isa = PBXGroup;
			children = (
				04D0D7B02769229500BCC278 /* CamPlanCell.swift */,
				04D0D7B12769229500BCC278 /* CamPlanCell.xib */,
			);
			path = View;
			sourceTree = "<group>";
		};
		04D38B7B274B5E9D006A6C78 /* BookAppointment */ = {
			isa = PBXGroup;
			children = (
				0485858C27536D1400055AC8 /* View */,
				04858589275167A600055AC8 /* Model */,
				04D38B7C274B5EC0006A6C78 /* BookAppointmentVC.swift */,
			);
			path = BookAppointment;
			sourceTree = "<group>";
		};
		04E24E1D2729C8330013FDD3 /* Model */ = {
			isa = PBXGroup;
			children = (
				04E24E1E2729C8500013FDD3 /* PatientListJSONModel.swift */,
				04BA81E82739978200024685 /* PatientRequestModel.swift */,
			);
			path = Model;
			sourceTree = "<group>";
		};
		04E3C2CA27247455008A074B /* Source */ = {
			isa = PBXGroup;
			children = (
				04E3C2CB27247455008A074B /* TabBarView */,
				04E3C2CE27247455008A074B /* TabItem */,
				04E3C2D127247455008A074B /* TabBarController */,
			);
			path = Source;
			sourceTree = "<group>";
		};
		04E3C2CB27247455008A074B /* TabBarView */ = {
			isa = PBXGroup;
			children = (
				04E3C2CC27247455008A074B /* SmoothTabBarView.xib */,
				04E3C2CD27247455008A074B /* SmoothTabBarView.swift */,
			);
			path = TabBarView;
			sourceTree = "<group>";
		};
		04E3C2CE27247455008A074B /* TabItem */ = {
			isa = PBXGroup;
			children = (
				04E3C2CF27247455008A074B /* SmoothTabItemView.swift */,
				04E3C2D027247455008A074B /* SmoothTabItemView.xib */,
			);
			path = TabItem;
			sourceTree = "<group>";
		};
		04E3C2D127247455008A074B /* TabBarController */ = {
			isa = PBXGroup;
			children = (
				04E3C2D227247455008A074B /* AppTabBarViewController.swift */,
			);
			path = TabBarController;
			sourceTree = "<group>";
		};
		04E47D582728067700A4C0DB /* NetworkManager */ = {
			isa = PBXGroup;
			children = (
				04E47D59272806CD00A4C0DB /* NetworkManager.swift */,
				04D240832771A6BF00BB7A72 /* WebAPi.swift */,
			);
			path = NetworkManager;
			sourceTree = "<group>";
		};
		04E47D672728113B00A4C0DB /* Model */ = {
			isa = PBXGroup;
			children = (
				04E47D682728115300A4C0DB /* LoginJSONModel.swift */,
				046FABED2767C5AC00565FA6 /* LoginOfficialResponse.swift */,
			);
			path = Model;
			sourceTree = "<group>";
		};
		0C8A690C2795CABA0079303A /* UserMenual */ = {
			isa = PBXGroup;
			children = (
				0C8A690D2795CAE80079303A /* UserMenualVC.swift */,
				0C8A691327963AD60079303A /* privacypolicy.html */,
				0C8A69112795D29D0079303A /* UserManual_PatientMobileApp.pdf */,
				0C8A690F2795D2920079303A /* UserManual_OfficialMobileApp.pdf */,
				0C68CB0227A9BBAE00C536CA /* PrivacyPolicyVC.swift */,
			);
			path = UserMenual;
			sourceTree = "<group>";
		};
		0CCDAC02278B59840050891E /* ForgetPassword */ = {
			isa = PBXGroup;
			children = (
				0CCDAC03278B59E30050891E /* ForgetPasswordVC.swift */,
			);
			path = ForgetPassword;
			sourceTree = "<group>";
		};
		1AE793BDD137672A3DC58A79 /* Frameworks */ = {
			isa = PBXGroup;
			children = (
				63A81C20BA8A0B48A9CA559B /* Pods_Decoy.framework */,
			);
			name = Frameworks;
			sourceTree = "<group>";
		};
		A6F36D2F626E464C4C4BDA31 /* Pods */ = {
			isa = PBXGroup;
			children = (
				62410E77FE703117B87BCF52 /* Pods-Decoy.debug.xcconfig */,
				09BC3AAE9555263D090F3D75 /* Pods-Decoy.release.xcconfig */,
			);
			path = Pods;
			sourceTree = "<group>";
		};
		E30A2EF527181DE800AABC70 = {
			isa = PBXGroup;
			children = (
				E30A2F0027181DE800AABC70 /* Decoy */,
				E30A2EFF27181DE800AABC70 /* Products */,
				A6F36D2F626E464C4C4BDA31 /* Pods */,
				1AE793BDD137672A3DC58A79 /* Frameworks */,
			);
			sourceTree = "<group>";
		};
		E30A2EFF27181DE800AABC70 /* Products */ = {
			isa = PBXGroup;
			children = (
				E30A2EFE27181DE800AABC70 /* Decoy.app */,
			);
			name = Products;
			sourceTree = "<group>";
		};
		E30A2F0027181DE800AABC70 /* Decoy */ = {
			isa = PBXGroup;
			children = (
				047A2791276F51000092963B /* TabBarController */,
				04C41343276DF318003310E9 /* Decoy.entitlements */,
				046D95FC273C39340063FDCB /* OTPView */,
				04E47D582728067700A4C0DB /* NetworkManager */,
				0402E7472722B362004D866A /* Utility */,
				E30A2F41271D864900AABC70 /* CollectonViewCells */,
				E30A2F1C27182CC200AABC70 /* ViewControllers */,
				E30A2F1B27182CB400AABC70 /* TableViewCells */,
				E30A2F0127181DE800AABC70 /* AppDelegate.swift */,
				04E3C2CA27247455008A074B /* Source */,
				E30A2F0327181DE800AABC70 /* SceneDelegate.swift */,
				0408A504276C51DC003C8131 /* Images */,
				E30A2F0727181DE800AABC70 /* Main.storyboard */,
				E30A2F0A27181DEB00AABC70 /* Assets.xcassets */,
				E30A2F0C27181DEB00AABC70 /* LaunchScreen.storyboard */,
				E30A2F0F27181DEB00AABC70 /* Info.plist */,
			);
			path = Decoy;
			sourceTree = "<group>";
		};
		E30A2F1527181EA000AABC70 /* Login */ = {
			isa = PBXGroup;
			children = (
				04E47D672728113B00A4C0DB /* Model */,
				E30A2F1627181EC200AABC70 /* LoginViewController.swift */,
			);
			path = Login;
			sourceTree = "<group>";
		};
		E30A2F1827182C1100AABC70 /* Profile */ = {
			isa = PBXGroup;
			children = (
				0416733727255B8100DE0045 /* View */,
				E30A2F1927182C2C00AABC70 /* ProfileViewController.swift */,
				0416733427255A8000DE0045 /* ProfileData.swift */,
				045C91AB276654A300E10EB6 /* LogoutVC.swift */,
				04B7C802276FC26100680B36 /* PatientProfileVC.swift */,
				0C8A6917279717F20079303A /* LatestUpdateVC.swift */,
			);
			path = Profile;
			sourceTree = "<group>";
		};
		E30A2F1B27182CB400AABC70 /* TableViewCells */ = {
			isa = PBXGroup;
			children = (
				E30A2F2F2718397600AABC70 /* Settings Table View Cell */,
				E30A2F2E2718395700AABC70 /* Profile TableView Cell */,
			);
			path = TableViewCells;
			sourceTree = "<group>";
		};
		E30A2F1C27182CC200AABC70 /* ViewControllers */ = {
			isa = PBXGroup;
			children = (
				0C8A690C2795CABA0079303A /* UserMenual */,
				045C919E276612EB00E10EB6 /* officialController */,
				0427C9A5275E8ACB0042123A /* Reschedule */,
				0427A8C6275B7D860022570A /* PDFViewer */,
				047830F82757EE9B005C594B /* LAbResult */,
				047830F72757EE8D005C594B /* OPDHistory */,
				048585912753FD1C00055AC8 /* AppointmentHistory */,
				04D38B7B274B5E9D006A6C78 /* BookAppointment */,
				04996CAD27271FFF0006BDE2 /* UserInformation */,
				04837DA82725DF4B0090BBE4 /* Registration */,
				E30A2F49271D9CF800AABC70 /* CampPlan */,
				E30A2F46271D896300AABC70 /* AddFamilyMember */,
				E30A2F3427183B9600AABC70 /* Home */,
				E30A2F21271834C700AABC70 /* Settings */,
				E30A2F1827182C1100AABC70 /* Profile */,
				0CCDAC02278B59840050891E /* ForgetPassword */,
				E30A2F1527181EA000AABC70 /* Login */,
			);
			path = ViewControllers;
			sourceTree = "<group>";
		};
		E30A2F21271834C700AABC70 /* Settings */ = {
			isa = PBXGroup;
			children = (
				04984BA427457CF5001EC315 /* View */,
				E30A2F222718350000AABC70 /* SettingsPresenter.swift */,
				E30A2F232718350000AABC70 /* SettingsWorker.swift */,
				E30A2F242718350000AABC70 /* SettingsRouter.swift */,
				E30A2F252718350000AABC70 /* SettingsModels.swift */,
				E30A2F262718350000AABC70 /* SettingsViewController.swift */,
				E30A2F272718350000AABC70 /* SettingsInteractor.swift */,
				04B832E12724952E00379243 /* SettingViewController.swift */,
			);
			path = Settings;
			sourceTree = "<group>";
		};
		E30A2F2E2718395700AABC70 /* Profile TableView Cell */ = {
			isa = PBXGroup;
			children = (
				E30A2F1D27182CF100AABC70 /* ProfileTableViewCell.swift */,
				E30A2F1E27182CF100AABC70 /* ProfileTableViewCell.xib */,
			);
			path = "Profile TableView Cell";
			sourceTree = "<group>";
		};
		E30A2F2F2718397600AABC70 /* Settings Table View Cell */ = {
			isa = PBXGroup;
			children = (
				E30A2F302718399600AABC70 /* SettingsTableViewCell.swift */,
				E30A2F312718399600AABC70 /* SettingsTableViewCell.xib */,
			);
			path = "Settings Table View Cell";
			sourceTree = "<group>";
		};
		E30A2F3427183B9600AABC70 /* Home */ = {
			isa = PBXGroup;
			children = (
				E30A2F3527183BBE00AABC70 /* HomePresenter.swift */,
				E30A2F3627183BBE00AABC70 /* HomeWorker.swift */,
				E30A2F3727183BBE00AABC70 /* HomeRouter.swift */,
				E30A2F3827183BBE00AABC70 /* HomeModels.swift */,
				E30A2F3927183BBE00AABC70 /* HomeViewController.swift */,
				E30A2F3A27183BBE00AABC70 /* HomeInteractor.swift */,
				04B832DE272494FE00379243 /* DashboardViewController.swift */,
				04837DA52725B10D0090BBE4 /* CollectionData.swift */,
			);
			path = Home;
			sourceTree = "<group>";
		};
		E30A2F41271D864900AABC70 /* CollectonViewCells */ = {
			isa = PBXGroup;
			children = (
				E30A2F42271D867B00AABC70 /* DashboardCollectionViewCell.swift */,
				E30A2F43271D867B00AABC70 /* DashboardCollectionViewCell.xib */,
			);
			path = CollectonViewCells;
			sourceTree = "<group>";
		};
		E30A2F46271D896300AABC70 /* AddFamilyMember */ = {
			isa = PBXGroup;
			children = (
				E30A2F47271D899000AABC70 /* AddFamilyViewController.swift */,
			);
			path = AddFamilyMember;
			sourceTree = "<group>";
		};
		E30A2F49271D9CF800AABC70 /* CampPlan */ = {
			isa = PBXGroup;
			children = (
				04C41340276D9F56003310E9 /* Model */,
				04D0D7AF2769226400BCC278 /* View */,
				E30A2F4A271D9D6600AABC70 /* CampPlanPresenter.swift */,
				E30A2F4B271D9D6600AABC70 /* CampPlanWorker.swift */,
				E30A2F4C271D9D6600AABC70 /* CampPlanRouter.swift */,
				E30A2F4D271D9D6600AABC70 /* CampPlanModels.swift */,
				E30A2F4E271D9D6600AABC70 /* CampPlanViewController.swift */,
				E30A2F4F271D9D6600AABC70 /* CampPlanInteractor.swift */,
				04D38B79274A3F42006A6C78 /* CampPlanVC.swift */,
			);
			path = CampPlan;
			sourceTree = "<group>";
		};
/* End PBXGroup section */

/* Begin PBXNativeTarget section */
		E30A2EFD27181DE800AABC70 /* Decoy */ = {
			isa = PBXNativeTarget;
			buildConfigurationList = E30A2F1227181DEB00AABC70 /* Build configuration list for PBXNativeTarget "Decoy" */;
			buildPhases = (
				CF6E042D2C65AF4E925596DE /* [CP] Check Pods Manifest.lock */,
				E30A2EFA27181DE800AABC70 /* Sources */,
				E30A2EFB27181DE800AABC70 /* Frameworks */,
				E30A2EFC27181DE800AABC70 /* Resources */,
				EC134B1D3D43AFF234C11D9B /* [CP] Embed Pods Frameworks */,
			);
			buildRules = (
			);
			dependencies = (
			);
			name = Decoy;
			productName = Decoy;
			productReference = E30A2EFE27181DE800AABC70 /* Decoy.app */;
			productType = "com.apple.product-type.application";
		};
/* End PBXNativeTarget section */

/* Begin PBXProject section */
		E30A2EF627181DE800AABC70 /* Project object */ = {
			isa = PBXProject;
			attributes = {
				LastSwiftUpdateCheck = 1250;
				LastUpgradeCheck = 1250;
				TargetAttributes = {
					E30A2EFD27181DE800AABC70 = {
						CreatedOnToolsVersion = 12.5.1;
					};
				};
			};
			buildConfigurationList = E30A2EF927181DE800AABC70 /* Build configuration list for PBXProject "Decoy" */;
			compatibilityVersion = "Xcode 9.3";
			developmentRegion = en;
			hasScannedForEncodings = 0;
			knownRegions = (
				en,
				Base,
			);
			mainGroup = E30A2EF527181DE800AABC70;
			productRefGroup = E30A2EFF27181DE800AABC70 /* Products */;
			projectDirPath = "";
			projectRoot = "";
			targets = (
				E30A2EFD27181DE800AABC70 /* Decoy */,
			);
		};
/* End PBXProject section */

/* Begin PBXResourcesBuildPhase section */
		E30A2EFC27181DE800AABC70 /* Resources */ = {
			isa = PBXResourcesBuildPhase;
			buildActionMask = 2147483647;
			files = (
				047831062757F010005C594B /* LABResultTableCell.xib in Resources */,
				E30A2F0E27181DEB00AABC70 /* LaunchScreen.storyboard in Resources */,
				0485859027536D4B00055AC8 /* TimeSlotViewCell.xib in Resources */,
				04E3C2D627247455008A074B /* SmoothTabItemView.xib in Resources */,
				04C122F3275FA89C007B7EA5 /* RescheduleTableCell.xib in Resources */,
				E30A2F2027182CF100AABC70 /* ProfileTableViewCell.xib in Resources */,
				04E3C2D327247455008A074B /* SmoothTabBarView.xib in Resources */,
				0C8A69122795D29D0079303A /* UserManual_PatientMobileApp.pdf in Resources */,
				E30A2F0B27181DEB00AABC70 /* Assets.xcassets in Resources */,
				04837DB12725E4410090BBE4 /* VerifyOTPView.xib in Resources */,
				0408A506276C51EF003C8131 /* map.gif in Resources */,
				04984BA827457D4A001EC315 /* FamilyListCell.xib in Resources */,
				04D0D7B32769229500BCC278 /* CamPlanCell.xib in Resources */,
				E30A2F332718399600AABC70 /* SettingsTableViewCell.xib in Resources */,
				E30A2F0927181DE800AABC70 /* Main.storyboard in Resources */,
				0C8A69102795D2920079303A /* UserManual_OfficialMobileApp.pdf in Resources */,
				046FABE82767153900565FA6 /* AnalticReportCell.xib in Resources */,
				046FABE32767146C00565FA6 /* PendingApprovalCell.xib in Resources */,
				04996CB5272720FA0006BDE2 /* UserInfoCell.xib in Resources */,
				0416733B27255BA900DE0045 /* ProfileImageTableCell.xib in Resources */,
				0416734627255C1A00DE0045 /* ProfileLogoutTableCell.xib in Resources */,
				0416733E27255BE700DE0045 /* ProfileTableCell.xib in Resources */,
				045728642755243000439C34 /* AppointHistoryCell.xib in Resources */,
				046D95FE273C39450063FDCB /* OTPView.xib in Resources */,
				047831022757EFA2005C594B /* OPDTableCell.xib in Resources */,
				0C8A691427963AD60079303A /* privacypolicy.html in Resources */,
				E30A2F45271D867B00AABC70 /* DashboardCollectionViewCell.xib in Resources */,
			);
			runOnlyForDeploymentPostprocessing = 0;
		};
/* End PBXResourcesBuildPhase section */

/* Begin PBXShellScriptBuildPhase section */
		CF6E042D2C65AF4E925596DE /* [CP] Check Pods Manifest.lock */ = {
			isa = PBXShellScriptBuildPhase;
			buildActionMask = 2147483647;
			files = (
			);
			inputFileListPaths = (
			);
			inputPaths = (
				"${PODS_PODFILE_DIR_PATH}/Podfile.lock",
				"${PODS_ROOT}/Manifest.lock",
			);
			name = "[CP] Check Pods Manifest.lock";
			outputFileListPaths = (
			);
			outputPaths = (
				"$(DERIVED_FILE_DIR)/Pods-Decoy-checkManifestLockResult.txt",
			);
			runOnlyForDeploymentPostprocessing = 0;
			shellPath = /bin/sh;
			shellScript = "diff \"${PODS_PODFILE_DIR_PATH}/Podfile.lock\" \"${PODS_ROOT}/Manifest.lock\" > /dev/null\nif [ $? != 0 ] ; then\n    # print error to STDERR\n    echo \"error: The sandbox is not in sync with the Podfile.lock. Run 'pod install' or update your CocoaPods installation.\" >&2\n    exit 1\nfi\n# This output is used by Xcode 'outputs' to avoid re-running this script phase.\necho \"SUCCESS\" > \"${SCRIPT_OUTPUT_FILE_0}\"\n";
			showEnvVarsInLog = 0;
		};
		EC134B1D3D43AFF234C11D9B /* [CP] Embed Pods Frameworks */ = {
			isa = PBXShellScriptBuildPhase;
			buildActionMask = 2147483647;
			files = (
			);
			inputFileListPaths = (
				"${PODS_ROOT}/Target Support Files/Pods-Decoy/Pods-Decoy-frameworks-${CONFIGURATION}-input-files.xcfilelist",
			);
			name = "[CP] Embed Pods Frameworks";
			outputFileListPaths = (
				"${PODS_ROOT}/Target Support Files/Pods-Decoy/Pods-Decoy-frameworks-${CONFIGURATION}-output-files.xcfilelist",
			);
			runOnlyForDeploymentPostprocessing = 0;
			shellPath = /bin/sh;
			shellScript = "\"${PODS_ROOT}/Target Support Files/Pods-Decoy/Pods-Decoy-frameworks.sh\"\n";
			showEnvVarsInLog = 0;
		};
/* End PBXShellScriptBuildPhase section */

/* Begin PBXSourcesBuildPhase section */
		E30A2EFA27181DE800AABC70 /* Sources */ = {
			isa = PBXSourcesBuildPhase;
			buildActionMask = 2147483647;
			files = (
				04E3C2D427247455008A074B /* SmoothTabBarView.swift in Sources */,
				048585932753FD5000055AC8 /* AppointmentHistoryVC.swift in Sources */,
				0402E75D2722D04F004D866A /* UIColor+Theme.swift in Sources */,
				041673792725AAF800DE0045 /* UITableView+Extension.swift in Sources */,
				04B7C803276FC26200680B36 /* PatientProfileVC.swift in Sources */,
				0416737C2725AB2900DE0045 /* NSObject+Extension.swift in Sources */,
				0457286727553ED100439C34 /* AppointHistoryResponseModel.swift in Sources */,
				043527942773A0A200A18905 /* IncidentRegisterVC.swift in Sources */,
				0CCDAC04278B59E30050891E /* ForgetPasswordVC.swift in Sources */,
				0C68CB0327A9BBAE00C536CA /* PrivacyPolicyVC.swift in Sources */,
				043527902773A00700A18905 /* MMSSYLabourRegister.swift in Sources */,
				0427C9A7275E8AF50042123A /* RescheduleVC.swift in Sources */,
				0402E7492722B37D004D866A /* Utility.swift in Sources */,
				045C91AC276654A300E10EB6 /* LogoutVC.swift in Sources */,
				04984BA727457D49001EC315 /* FamilyListCell.swift in Sources */,
				E30A2F51271D9D6600AABC70 /* CampPlanWorker.swift in Sources */,
				0C8A690E2795CAE90079303A /* UserMenualVC.swift in Sources */,
				E30A2F1727181EC200AABC70 /* LoginViewController.swift in Sources */,
				043527922773A03300A18905 /* DaiDidiRegisterVC.swift in Sources */,
				04996CAF2727202F0006BDE2 /* UserInfoViewController.swift in Sources */,
				047830F627579112005C594B /* RadioButtonController.swift in Sources */,
				0427A8C8275B7DB30022570A /* PDFViewController.swift in Sources */,
				E30A2F4027183BBE00AABC70 /* HomeInteractor.swift in Sources */,
				047A2793276F513A0092963B /* TabbarViewController.swift in Sources */,
				0416733A27255BA900DE0045 /* ProfileTableCell.swift in Sources */,
				0435278427739EC200A18905 /* IndentRegisterVC.swift in Sources */,
				04C41342276D9F79003310E9 /* CampPlanResponse.swift in Sources */,
				045728632755243000439C34 /* AppointHistoryCell.swift in Sources */,
				E30A2F2C2718350000AABC70 /* SettingsViewController.swift in Sources */,
				0435279C2773A16600A18905 /* EquipmentCheckListVC.swift in Sources */,
				0435279F27749ADE00A18905 /* PendingSubModelVC.swift in Sources */,
				E30A2F292718350000AABC70 /* SettingsWorker.swift in Sources */,
				04D38B7A274A3F42006A6C78 /* CampPlanVC.swift in Sources */,
				E30A2F2A2718350000AABC70 /* SettingsRouter.swift in Sources */,
				E30A2F3F27183BBE00AABC70 /* HomeViewController.swift in Sources */,
				0402E7602722D0B9004D866A /* Design.swift in Sources */,
				045C91AA27664DF700E10EB6 /* PandemicZoneVC.swift in Sources */,
				0435278827739F2C00A18905 /* StockStatusReportVC.swift in Sources */,
				0402E7692723E5FD004D866A /* DateTime.swift in Sources */,
				04E47D5A272806CD00A4C0DB /* NetworkManager.swift in Sources */,
				0435279A2773A13500A18905 /* PenaltyRegisterVC.swift in Sources */,
				047831012757EFA2005C594B /* OPDTableCell.swift in Sources */,
				E30A2F3E27183BBE00AABC70 /* HomeModels.swift in Sources */,
				0435278C27739F8100A18905 /* DrugExpReportVC.swift in Sources */,
				04E3C2D727247455008A074B /* AppTabBarViewController.swift in Sources */,
				0C8A691627964FF20079303A /* Device.swift in Sources */,
				04837DA62725B10D0090BBE4 /* CollectionData.swift in Sources */,
				04E3C2D527247455008A074B /* SmoothTabItemView.swift in Sources */,
				046D95FB273C39260063FDCB /* OTPView.swift in Sources */,
				044064E3274D631900C4E81F /* CustomPickerView.swift in Sources */,
				0402E7662722D1F4004D866A /* DesignableUITextField.swift in Sources */,
				E30A2F3D27183BBE00AABC70 /* HomeRouter.swift in Sources */,
				0C02855E277647E40017B2F1 /* AllReportModelVC.swift in Sources */,
				0435278A27739F5300A18905 /* OpenBalRegisterVC.swift in Sources */,
				E30A2F322718399600AABC70 /* SettingsTableViewCell.swift in Sources */,
				E30A2F2B2718350000AABC70 /* SettingsModels.swift in Sources */,
				04D240842771A6BF00BB7A72 /* WebAPi.swift in Sources */,
				042B7FF0273AE7FA00E2DD6C /* ValidationClass.swift in Sources */,
				0416734127255BF500DE0045 /* ProfileImageTableCell.swift in Sources */,
				0485858B275167D000055AC8 /* AppointmentResponseModel.swift in Sources */,
				04E47D692728115300A4C0DB /* LoginJSONModel.swift in Sources */,
				047830FA2757EECA005C594B /* LAbResultViewController.swift in Sources */,
				04B832DF272494FE00379243 /* DashboardViewController.swift in Sources */,
				E30A2F52271D9D6600AABC70 /* CampPlanRouter.swift in Sources */,
				0416734C2725759C00DE0045 /* Constants.swift in Sources */,
				0C8A6918279717F20079303A /* LatestUpdateVC.swift in Sources */,
				04C41345276E0310003310E9 /* CoreLocationManager.swift in Sources */,
				043527962773A0CF00A18905 /* AttendanceRegister.swift in Sources */,
				046FABE72767153900565FA6 /* AnalticReportCell.swift in Sources */,
				E30A2F3B27183BBE00AABC70 /* HomePresenter.swift in Sources */,
				044064E5274E234200C4E81F /* LocationManager.swift in Sources */,
				E30A2F50271D9D6600AABC70 /* CampPlanPresenter.swift in Sources */,
				0416733527255A8000DE0045 /* ProfileData.swift in Sources */,
				E30A2F1A27182C2C00AABC70 /* ProfileViewController.swift in Sources */,
				E30A2F54271D9D6600AABC70 /* CampPlanViewController.swift in Sources */,
				045C91A12766209400E10EB6 /* OfficialDashboardVC.swift in Sources */,
				045C91A4276620E200E10EB6 /* AnalyticReportVC.swift in Sources */,
				E30A2F48271D899000AABC70 /* AddFamilyViewController.swift in Sources */,
				E30A2F44271D867B00AABC70 /* DashboardCollectionViewCell.swift in Sources */,
				047831092758AAE6005C594B /* LABResponseModel.swift in Sources */,
				E30A2F1F27182CF100AABC70 /* ProfileTableViewCell.swift in Sources */,
				047831052757F010005C594B /* LABResultTableCell.swift in Sources */,
				0435278627739EF700A18905 /* MedicineIssueRegisterVC.swift in Sources */,
				046D95F7273C32F10063FDCB /* OTPStackView.swift in Sources */,
				047830FC2757EEF4005C594B /* OPDHistoryVC.swift in Sources */,
				04BA81E92739978200024685 /* PatientRequestModel.swift in Sources */,
				E30A2F53271D9D6600AABC70 /* CampPlanModels.swift in Sources */,
				04B832E22724952E00379243 /* SettingViewController.swift in Sources */,
				E30A2F0227181DE800AABC70 /* AppDelegate.swift in Sources */,
				E30A2F0427181DE800AABC70 /* SceneDelegate.swift in Sources */,
				0435277C27739E1300A18905 /* MMURegister.swift in Sources */,
				0435277E27739E3500A18905 /* OPDReportsVC.swift in Sources */,
				0485858F27536D4B00055AC8 /* TimeSlotViewCell.swift in Sources */,
				046D95F9273C33650063FDCB /* OTPTextField.swift in Sources */,
				04837DAE2725E4340090BBE4 /* VerifyOTPView.swift in Sources */,
				0416734527255C1A00DE0045 /* ProfileLogoutTableCell.swift in Sources */,
				E30A2F282718350000AABC70 /* SettingsPresenter.swift in Sources */,
				0402E7632722D102004D866A /* RoundedCorner.swift in Sources */,
				046FABEE2767C5AC00565FA6 /* LoginOfficialResponse.swift in Sources */,
				04837DAA2725DF630090BBE4 /* RegistrationViewController.swift in Sources */,
				04E24E1F2729C8500013FDD3 /* PatientListJSONModel.swift in Sources */,
				0435278027739E5F00A18905 /* MonthCampReport.swift in Sources */,
				E30A2F3C27183BBE00AABC70 /* HomeWorker.swift in Sources */,
				E30A2F55271D9D6600AABC70 /* CampPlanInteractor.swift in Sources */,
				04996CB4272720FA0006BDE2 /* UserInfoCell.swift in Sources */,
				04C122F2275FA89C007B7EA5 /* RescheduleTableCell.swift in Sources */,
				04D0D7B22769229500BCC278 /* CamPlanCell.swift in Sources */,
				04E3C2C82724735E008A074B /* Extensions.swift in Sources */,
				0427A8C5275A20C20022570A /* OPDResponseModel.swift in Sources */,
				0435278E27739FC600A18905 /* MMSSYInfoRegisterVC.swift in Sources */,
				0402E75A2722CCE5004D866A /* Loader.swift in Sources */,
				043527982773A10600A18905 /* StockTakingRegisterVC.swift in Sources */,
				0435278227739E8A00A18905 /* DailyMMURegister.swift in Sources */,
				E30A2F2D2718350000AABC70 /* SettingsInteractor.swift in Sources */,
				046FABE22767146C00565FA6 /* PendingApprovalCell.swift in Sources */,
				04D38B7D274B5EC0006A6C78 /* BookAppointmentVC.swift in Sources */,
				045C91A727664D9900E10EB6 /* PendingApprovalVC.swift in Sources */,
			);
			runOnlyForDeploymentPostprocessing = 0;
		};
/* End PBXSourcesBuildPhase section */

/* Begin PBXVariantGroup section */
		E30A2F0727181DE800AABC70 /* Main.storyboard */ = {
			isa = PBXVariantGroup;
			children = (
				E30A2F0827181DE800AABC70 /* Base */,
			);
			name = Main.storyboard;
			sourceTree = "<group>";
		};
		E30A2F0C27181DEB00AABC70 /* LaunchScreen.storyboard */ = {
			isa = PBXVariantGroup;
			children = (
				E30A2F0D27181DEB00AABC70 /* Base */,
			);
			name = LaunchScreen.storyboard;
			sourceTree = "<group>";
		};
/* End PBXVariantGroup section */

/* Begin XCBuildConfiguration section */
		E30A2F1027181DEB00AABC70 /* Debug */ = {
			isa = XCBuildConfiguration;
			buildSettings = {
				ALWAYS_SEARCH_USER_PATHS = NO;
				CLANG_ANALYZER_NONNULL = YES;
				CLANG_ANALYZER_NUMBER_OBJECT_CONVERSION = YES_AGGRESSIVE;
				CLANG_CXX_LANGUAGE_STANDARD = "gnu++14";
				CLANG_CXX_LIBRARY = "libc++";
				CLANG_ENABLE_MODULES = YES;
				CLANG_ENABLE_OBJC_ARC = YES;
				CLANG_ENABLE_OBJC_WEAK = YES;
				CLANG_WARN_BLOCK_CAPTURE_AUTORELEASING = YES;
				CLANG_WARN_BOOL_CONVERSION = YES;
				CLANG_WARN_COMMA = YES;
				CLANG_WARN_CONSTANT_CONVERSION = YES;
				CLANG_WARN_DEPRECATED_OBJC_IMPLEMENTATIONS = YES;
				CLANG_WARN_DIRECT_OBJC_ISA_USAGE = YES_ERROR;
				CLANG_WARN_DOCUMENTATION_COMMENTS = YES;
				CLANG_WARN_EMPTY_BODY = YES;
				CLANG_WARN_ENUM_CONVERSION = YES;
				CLANG_WARN_INFINITE_RECURSION = YES;
				CLANG_WARN_INT_CONVERSION = YES;
				CLANG_WARN_NON_LITERAL_NULL_CONVERSION = YES;
				CLANG_WARN_OBJC_IMPLICIT_RETAIN_SELF = YES;
				CLANG_WARN_OBJC_LITERAL_CONVERSION = YES;
				CLANG_WARN_OBJC_ROOT_CLASS = YES_ERROR;
				CLANG_WARN_QUOTED_INCLUDE_IN_FRAMEWORK_HEADER = YES;
				CLANG_WARN_RANGE_LOOP_ANALYSIS = YES;
				CLANG_WARN_STRICT_PROTOTYPES = YES;
				CLANG_WARN_SUSPICIOUS_MOVE = YES;
				CLANG_WARN_UNGUARDED_AVAILABILITY = YES_AGGRESSIVE;
				CLANG_WARN_UNREACHABLE_CODE = YES;
				CLANG_WARN__DUPLICATE_METHOD_MATCH = YES;
				COPY_PHASE_STRIP = NO;
				DEBUG_INFORMATION_FORMAT = dwarf;
				ENABLE_STRICT_OBJC_MSGSEND = YES;
				ENABLE_TESTABILITY = YES;
				GCC_C_LANGUAGE_STANDARD = gnu11;
				GCC_DYNAMIC_NO_PIC = NO;
				GCC_NO_COMMON_BLOCKS = YES;
				GCC_OPTIMIZATION_LEVEL = 0;
				GCC_PREPROCESSOR_DEFINITIONS = (
					"DEBUG=1",
					"$(inherited)",
				);
				GCC_WARN_64_TO_32_BIT_CONVERSION = YES;
				GCC_WARN_ABOUT_RETURN_TYPE = YES_ERROR;
				GCC_WARN_UNDECLARED_SELECTOR = YES;
				GCC_WARN_UNINITIALIZED_AUTOS = YES_AGGRESSIVE;
				GCC_WARN_UNUSED_FUNCTION = YES;
				GCC_WARN_UNUSED_VARIABLE = YES;
				IPHONEOS_DEPLOYMENT_TARGET = 12.1;
				MTL_ENABLE_DEBUG_INFO = INCLUDE_SOURCE;
				MTL_FAST_MATH = YES;
				ONLY_ACTIVE_ARCH = YES;
				SDKROOT = iphoneos;
				SWIFT_ACTIVE_COMPILATION_CONDITIONS = DEBUG;
				SWIFT_OPTIMIZATION_LEVEL = "-Onone";
			};
			name = Debug;
		};
		E30A2F1127181DEB00AABC70 /* Release */ = {
			isa = XCBuildConfiguration;
			buildSettings = {
				ALWAYS_SEARCH_USER_PATHS = NO;
				CLANG_ANALYZER_NONNULL = YES;
				CLANG_ANALYZER_NUMBER_OBJECT_CONVERSION = YES_AGGRESSIVE;
				CLANG_CXX_LANGUAGE_STANDARD = "gnu++14";
				CLANG_CXX_LIBRARY = "libc++";
				CLANG_ENABLE_MODULES = YES;
				CLANG_ENABLE_OBJC_ARC = YES;
				CLANG_ENABLE_OBJC_WEAK = YES;
				CLANG_WARN_BLOCK_CAPTURE_AUTORELEASING = YES;
				CLANG_WARN_BOOL_CONVERSION = YES;
				CLANG_WARN_COMMA = YES;
				CLANG_WARN_CONSTANT_CONVERSION = YES;
				CLANG_WARN_DEPRECATED_OBJC_IMPLEMENTATIONS = YES;
				CLANG_WARN_DIRECT_OBJC_ISA_USAGE = YES_ERROR;
				CLANG_WARN_DOCUMENTATION_COMMENTS = YES;
				CLANG_WARN_EMPTY_BODY = YES;
				CLANG_WARN_ENUM_CONVERSION = YES;
				CLANG_WARN_INFINITE_RECURSION = YES;
				CLANG_WARN_INT_CONVERSION = YES;
				CLANG_WARN_NON_LITERAL_NULL_CONVERSION = YES;
				CLANG_WARN_OBJC_IMPLICIT_RETAIN_SELF = YES;
				CLANG_WARN_OBJC_LITERAL_CONVERSION = YES;
				CLANG_WARN_OBJC_ROOT_CLASS = YES_ERROR;
				CLANG_WARN_QUOTED_INCLUDE_IN_FRAMEWORK_HEADER = YES;
				CLANG_WARN_RANGE_LOOP_ANALYSIS = YES;
				CLANG_WARN_STRICT_PROTOTYPES = YES;
				CLANG_WARN_SUSPICIOUS_MOVE = YES;
				CLANG_WARN_UNGUARDED_AVAILABILITY = YES_AGGRESSIVE;
				CLANG_WARN_UNREACHABLE_CODE = YES;
				CLANG_WARN__DUPLICATE_METHOD_MATCH = YES;
				COPY_PHASE_STRIP = NO;
				DEBUG_INFORMATION_FORMAT = "dwarf-with-dsym";
				ENABLE_NS_ASSERTIONS = NO;
				ENABLE_STRICT_OBJC_MSGSEND = YES;
				GCC_C_LANGUAGE_STANDARD = gnu11;
				GCC_NO_COMMON_BLOCKS = YES;
				GCC_WARN_64_TO_32_BIT_CONVERSION = YES;
				GCC_WARN_ABOUT_RETURN_TYPE = YES_ERROR;
				GCC_WARN_UNDECLARED_SELECTOR = YES;
				GCC_WARN_UNINITIALIZED_AUTOS = YES_AGGRESSIVE;
				GCC_WARN_UNUSED_FUNCTION = YES;
				GCC_WARN_UNUSED_VARIABLE = YES;
				IPHONEOS_DEPLOYMENT_TARGET = 12.1;
				MTL_ENABLE_DEBUG_INFO = NO;
				MTL_FAST_MATH = YES;
				SDKROOT = iphoneos;
				SWIFT_COMPILATION_MODE = wholemodule;
				SWIFT_OPTIMIZATION_LEVEL = "-O";
				VALIDATE_PRODUCT = YES;
			};
			name = Release;
		};
		E30A2F1327181DEB00AABC70 /* Debug */ = {
			isa = XCBuildConfiguration;
			baseConfigurationReference = 62410E77FE703117B87BCF52 /* Pods-Decoy.debug.xcconfig */;
			buildSettings = {
				ASSETCATALOG_COMPILER_APPICON_NAME = AppIcon;
				ASSETCATALOG_COMPILER_GLOBAL_ACCENT_COLOR_NAME = AccentColor;
				CODE_SIGN_ENTITLEMENTS = Decoy/Decoy.entitlements;
				CODE_SIGN_STYLE = Automatic;
				DEVELOPMENT_TEAM = 799FUSCK38;
				INFOPLIST_FILE = Decoy/Info.plist;
				IPHONEOS_DEPLOYMENT_TARGET = 12.1;
				LD_RUNPATH_SEARCH_PATHS = (
					"$(inherited)",
					"@executable_path/Frameworks",
				);
				PRODUCT_BUNDLE_IDENTIFIER = com.cgmmssy.Decoys;
				PRODUCT_NAME = "$(TARGET_NAME)";
				SWIFT_VERSION = 5.0;
				TARGETED_DEVICE_FAMILY = 1;
			};
			name = Debug;
		};
		E30A2F1427181DEB00AABC70 /* Release */ = {
			isa = XCBuildConfiguration;
			baseConfigurationReference = 09BC3AAE9555263D090F3D75 /* Pods-Decoy.release.xcconfig */;
			buildSettings = {
				ASSETCATALOG_COMPILER_APPICON_NAME = AppIcon;
				ASSETCATALOG_COMPILER_GLOBAL_ACCENT_COLOR_NAME = AccentColor;
				CODE_SIGN_ENTITLEMENTS = Decoy/Decoy.entitlements;
				CODE_SIGN_STYLE = Automatic;
				DEVELOPMENT_TEAM = 799FUSCK38;
				INFOPLIST_FILE = Decoy/Info.plist;
				IPHONEOS_DEPLOYMENT_TARGET = 12.1;
				LD_RUNPATH_SEARCH_PATHS = (
					"$(inherited)",
					"@executable_path/Frameworks",
				);
				PRODUCT_BUNDLE_IDENTIFIER = com.cgmmssy.Decoys;
				PRODUCT_NAME = "$(TARGET_NAME)";
				SWIFT_VERSION = 5.0;
				TARGETED_DEVICE_FAMILY = 1;
			};
			name = Release;
		};
/* End XCBuildConfiguration section */

/* Begin XCConfigurationList section */
		E30A2EF927181DE800AABC70 /* Build configuration list for PBXProject "Decoy" */ = {
			isa = XCConfigurationList;
			buildConfigurations = (
				E30A2F1027181DEB00AABC70 /* Debug */,
				E30A2F1127181DEB00AABC70 /* Release */,
			);
			defaultConfigurationIsVisible = 0;
			defaultConfigurationName = Release;
		};
		E30A2F1227181DEB00AABC70 /* Build configuration list for PBXNativeTarget "Decoy" */ = {
			isa = XCConfigurationList;
			buildConfigurations = (
				E30A2F1327181DEB00AABC70 /* Debug */,
				E30A2F1427181DEB00AABC70 /* Release */,
			);
			defaultConfigurationIsVisible = 0;
			defaultConfigurationName = Release;
		};
/* End XCConfigurationList section */
	};
	rootObject = E30A2EF627181DE800AABC70 /* Project object */;
}
